// !$*UTF8*$!
{
	archiveVersion = 1;
	classes = {
	};
	objectVersion = 46;
	objects = {

/* Begin PBXBuildFile section */
		8A0D6F901F306587002A1949 /* CsvParser.swift in Sources */ = {isa = PBXBuildFile; fileRef = 8A0D6F8F1F306587002A1949 /* CsvParser.swift */; };
		8A0D6FA11F317618002A1949 /* UFileManager.swift in Sources */ = {isa = PBXBuildFile; fileRef = 8A0D6FA01F317618002A1949 /* UFileManager.swift */; };
		8A0D6FB01F319748002A1949 /* EditCardViewController.swift in Sources */ = {isa = PBXBuildFile; fileRef = 8A0D6FAE1F319748002A1949 /* EditCardViewController.swift */; };
		8A0D6FB41F319765002A1949 /* EditBookViewController.swift in Sources */ = {isa = PBXBuildFile; fileRef = 8A0D6FB21F319765002A1949 /* EditBookViewController.swift */; };
		8A0D6FB71F31A47A002A1949 /* TangoBackupFileDao.swift in Sources */ = {isa = PBXBuildFile; fileRef = 8A0D6FB61F31A47A002A1949 /* TangoBackupFileDao.swift */; };
		8A2584AC1F3209C3002EE9E2 /* EditCardViewController.xib in Resources */ = {isa = PBXBuildFile; fileRef = 8A2584AE1F3209C3002EE9E2 /* EditCardViewController.xib */; };
		8A6DA4E41F346D29000F4057 /* URealmManager.swift in Sources */ = {isa = PBXBuildFile; fileRef = 8A6DA4E31F346D29000F4057 /* URealmManager.swift */; };
		8A8522401F22514300B5B8A3 /* TestDatabase.swift in Sources */ = {isa = PBXBuildFile; fileRef = 8A85223F1F22514300B5B8A3 /* TestDatabase.swift */; };
		8A8522441F22533000B5B8A3 /* TestDBViewController.swift in Sources */ = {isa = PBXBuildFile; fileRef = 8A8522421F22533000B5B8A3 /* TestDBViewController.swift */; };
		8A8522451F22533000B5B8A3 /* TestDBViewController.xib in Resources */ = {isa = PBXBuildFile; fileRef = 8A8522431F22533000B5B8A3 /* TestDBViewController.xib */; };
		8A8522471F22539800B5B8A3 /* ViewController.xib in Resources */ = {isa = PBXBuildFile; fileRef = 8A8522461F22539800B5B8A3 /* ViewController.xib */; };
		8AA3B5071F29B1F100AE445E /* UIImage+ex.swift in Sources */ = {isa = PBXBuildFile; fileRef = 8AA3B5061F29B1F100AE445E /* UIImage+ex.swift */; };
		8AA3B5091F29B4F500AE445E /* TangoEnums.swift in Sources */ = {isa = PBXBuildFile; fileRef = 8AA3B5081F29B4F500AE445E /* TangoEnums.swift */; };
		8AB7E8F51F2581EF005E36BB /* Resource in Resources */ = {isa = PBXBuildFile; fileRef = 8AB7E8F41F2581EF005E36BB /* Resource */; };
		8AB7E8F71F25824C005E36BB /* ImageName.swift in Sources */ = {isa = PBXBuildFile; fileRef = 8AB7E8F61F25824C005E36BB /* ImageName.swift */; };
		8AB7E8FA1F2582C0005E36BB /* TopView.swift in Sources */ = {isa = PBXBuildFile; fileRef = 8AB7E8F91F2582C0005E36BB /* TopView.swift */; };
		8AB7E8FC1F258384005E36BB /* ViewTouch.swift in Sources */ = {isa = PBXBuildFile; fileRef = 8AB7E8FB1F258384005E36BB /* ViewTouch.swift */; };
		8AB7E9111F2583F4005E36BB /* PageViewTest.swift in Sources */ = {isa = PBXBuildFile; fileRef = 8AB7E9061F2583F4005E36BB /* PageViewTest.swift */; };
		8AB7E9121F2583F4005E36BB /* UPageView.swift in Sources */ = {isa = PBXBuildFile; fileRef = 8AB7E9071F2583F4005E36BB /* UPageView.swift */; };
		8AB7E9131F2583F4005E36BB /* UPageViewManager.swift in Sources */ = {isa = PBXBuildFile; fileRef = 8AB7E9081F2583F4005E36BB /* UPageViewManager.swift */; };
		8AB7E9151F258463005E36BB /* UScrollWindow.swift in Sources */ = {isa = PBXBuildFile; fileRef = 8AB7E9141F258463005E36BB /* UScrollWindow.swift */; };
		8AB7E9181F258764005E36BB /* TestDBTopViewController.swift in Sources */ = {isa = PBXBuildFile; fileRef = 8AB7E9161F258764005E36BB /* TestDBTopViewController.swift */; };
		8AB7E9191F258764005E36BB /* TestDBTopViewController.xib in Resources */ = {isa = PBXBuildFile; fileRef = 8AB7E9171F258764005E36BB /* TestDBTopViewController.xib */; };
		8AB7E91F1F258873005E36BB /* TestGuiTopViewController.swift in Sources */ = {isa = PBXBuildFile; fileRef = 8AB7E91D1F258873005E36BB /* TestGuiTopViewController.swift */; };
		8AB7E9201F258873005E36BB /* TestGuiTopViewController.xib in Resources */ = {isa = PBXBuildFile; fileRef = 8AB7E91E1F258873005E36BB /* TestGuiTopViewController.xib */; };
		8AB7E9221F258A1B005E36BB /* TestGuiView.swift in Sources */ = {isa = PBXBuildFile; fileRef = 8AB7E9211F258A1B005E36BB /* TestGuiView.swift */; };
		8AB7E92C1F259991005E36BB /* PageViewManagerMain.swift in Sources */ = {isa = PBXBuildFile; fileRef = 8AB7E9241F259991005E36BB /* PageViewManagerMain.swift */; };
		8AB7E92D1F259991005E36BB /* PageViewTemplate.swift in Sources */ = {isa = PBXBuildFile; fileRef = 8AB7E9251F259991005E36BB /* PageViewTemplate.swift */; };
		8AB7E92E1F259991005E36BB /* PageViewTest1.swift in Sources */ = {isa = PBXBuildFile; fileRef = 8AB7E9261F259991005E36BB /* PageViewTest1.swift */; };
		8AB7E92F1F259991005E36BB /* PageViewTest2.swift in Sources */ = {isa = PBXBuildFile; fileRef = 8AB7E9271F259991005E36BB /* PageViewTest2.swift */; };
		8AB7E9301F259991005E36BB /* PageViewTest3.swift in Sources */ = {isa = PBXBuildFile; fileRef = 8AB7E9281F259991005E36BB /* PageViewTest3.swift */; };
		8AB7E9311F259991005E36BB /* PageViewTest4.swift in Sources */ = {isa = PBXBuildFile; fileRef = 8AB7E9291F259991005E36BB /* PageViewTest4.swift */; };
		8AB7E9321F259991005E36BB /* PageViewTest5.swift in Sources */ = {isa = PBXBuildFile; fileRef = 8AB7E92A1F259991005E36BB /* PageViewTest5.swift */; };
		8AB7E9331F259991005E36BB /* PageViewTest6.swift in Sources */ = {isa = PBXBuildFile; fileRef = 8AB7E92B1F259991005E36BB /* PageViewTest6.swift */; };
		8AB7E94B1F25A00F005E36BB /* PageViewBackup.swift in Sources */ = {isa = PBXBuildFile; fileRef = 8AB7E9391F25A00F005E36BB /* PageViewBackup.swift */; };
		8AB7E94C1F25A00F005E36BB /* PageViewCsvBook.swift in Sources */ = {isa = PBXBuildFile; fileRef = 8AB7E93A1F25A00F005E36BB /* PageViewCsvBook.swift */; };
		8AB7E94D1F25A00F005E36BB /* PageViewDebug.swift in Sources */ = {isa = PBXBuildFile; fileRef = 8AB7E93B1F25A00F005E36BB /* PageViewDebug.swift */; };
		8AB7E94E1F25A00F005E36BB /* PageViewDebugDB.swift in Sources */ = {isa = PBXBuildFile; fileRef = 8AB7E93C1F25A00F005E36BB /* PageViewDebugDB.swift */; };
		8AB7E94F1F25A00F005E36BB /* PageViewHelp.swift in Sources */ = {isa = PBXBuildFile; fileRef = 8AB7E93D1F25A00F005E36BB /* PageViewHelp.swift */; };
		8AB7E9501F25A00F005E36BB /* PageViewHistory.swift in Sources */ = {isa = PBXBuildFile; fileRef = 8AB7E93E1F25A00F005E36BB /* PageViewHistory.swift */; };
		8AB7E9511F25A00F005E36BB /* PageViewOptions.swift in Sources */ = {isa = PBXBuildFile; fileRef = 8AB7E93F1F25A00F005E36BB /* PageViewOptions.swift */; };
		8AB7E9521F25A00F005E36BB /* PageViewPresetBook.swift in Sources */ = {isa = PBXBuildFile; fileRef = 8AB7E9401F25A00F005E36BB /* PageViewPresetBook.swift */; };
		8AB7E9531F25A00F005E36BB /* PageViewRestore.swift in Sources */ = {isa = PBXBuildFile; fileRef = 8AB7E9411F25A00F005E36BB /* PageViewRestore.swift */; };
		8AB7E9541F25A00F005E36BB /* PageViewResult.swift in Sources */ = {isa = PBXBuildFile; fileRef = 8AB7E9421F25A00F005E36BB /* PageViewResult.swift */; };
		8AB7E9551F25A00F005E36BB /* PageViewSettingsTop.swift in Sources */ = {isa = PBXBuildFile; fileRef = 8AB7E9431F25A00F005E36BB /* PageViewSettingsTop.swift */; };
		8AB7E9561F25A00F005E36BB /* PageViewStudySlide.swift in Sources */ = {isa = PBXBuildFile; fileRef = 8AB7E9441F25A00F005E36BB /* PageViewStudySlide.swift */; };
		8AB7E9571F25A00F005E36BB /* PageViewStudy.swift in Sources */ = {isa = PBXBuildFile; fileRef = 8AB7E9451F25A00F005E36BB /* PageViewStudy.swift */; };
		8AB7E9581F25A00F005E36BB /* PageViewStudyBookSelect.swift in Sources */ = {isa = PBXBuildFile; fileRef = 8AB7E9461F25A00F005E36BB /* PageViewStudyBookSelect.swift */; };
		8AB7E9591F25A00F005E36BB /* PageViewStudyInputCorrect.swift in Sources */ = {isa = PBXBuildFile; fileRef = 8AB7E9471F25A00F005E36BB /* PageViewStudyInputCorrect.swift */; };
		8AB7E95A1F25A00F005E36BB /* PageViewStudySelect4.swift in Sources */ = {isa = PBXBuildFile; fileRef = 8AB7E9481F25A00F005E36BB /* PageViewStudySelect4.swift */; };
		8AB7E95B1F25A00F005E36BB /* PageViewTangoEdit.swift in Sources */ = {isa = PBXBuildFile; fileRef = 8AB7E9491F25A00F005E36BB /* PageViewTangoEdit.swift */; };
		8AB7E95E1F25A2AF005E36BB /* PageViewTitle.swift in Sources */ = {isa = PBXBuildFile; fileRef = 8AB7E95D1F25A2AF005E36BB /* PageViewTitle.swift */; };
		8AB7E9611F25B43E005E36BB /* Localizable.strings in Resources */ = {isa = PBXBuildFile; fileRef = 8AB7E9631F25B43E005E36BB /* Localizable.strings */; };
		8AB7E9671F25D29E005E36BB /* PageViewManagerTest1.swift in Sources */ = {isa = PBXBuildFile; fileRef = 8AB7E9661F25D29E005E36BB /* PageViewManagerTest1.swift */; };
		8AB7E96B1F25E12E005E36BB /* TopViewController.swift in Sources */ = {isa = PBXBuildFile; fileRef = 8AB7E9691F25E12E005E36BB /* TopViewController.swift */; };
		8AB7E96C1F25E12E005E36BB /* TopViewController.xib in Resources */ = {isa = PBXBuildFile; fileRef = 8AB7E96A1F25E12E005E36BB /* TopViewController.xib */; };
		8AB7E96E1F25E1D0005E36BB /* TangoTopView.swift in Sources */ = {isa = PBXBuildFile; fileRef = 8AB7E96D1F25E1D0005E36BB /* TangoTopView.swift */; };
		8AB7E9711F278CE2005E36BB /* UIcon.swift in Sources */ = {isa = PBXBuildFile; fileRef = 8AB7E9701F278CE2005E36BB /* UIcon.swift */; };
		8AB7E97B1F278DC7005E36BB /* IconBook.swift in Sources */ = {isa = PBXBuildFile; fileRef = 8AB7E9721F278DC7005E36BB /* IconBook.swift */; };
		8AB7E97C1F278DC7005E36BB /* IconCard.swift in Sources */ = {isa = PBXBuildFile; fileRef = 8AB7E9731F278DC7005E36BB /* IconCard.swift */; };
		8AB7E97D1F278DC7005E36BB /* IconContainer.swift in Sources */ = {isa = PBXBuildFile; fileRef = 8AB7E9741F278DC7005E36BB /* IconContainer.swift */; };
		8AB7E97E1F278DC7005E36BB /* IconTrash.swift in Sources */ = {isa = PBXBuildFile; fileRef = 8AB7E9751F278DC7005E36BB /* IconTrash.swift */; };
		8AB7E97F1F278DC7005E36BB /* UIconBlockManager.swift in Sources */ = {isa = PBXBuildFile; fileRef = 8AB7E9761F278DC7005E36BB /* UIconBlockManager.swift */; };
		8AB7E9801F278DC7005E36BB /* UIconManager.swift in Sources */ = {isa = PBXBuildFile; fileRef = 8AB7E9771F278DC7005E36BB /* UIconManager.swift */; };
		8AB7E9811F278DC7005E36BB /* UIconWindow.swift in Sources */ = {isa = PBXBuildFile; fileRef = 8AB7E9781F278DC7005E36BB /* UIconWindow.swift */; };
		8AB7E9821F278DC7005E36BB /* UIconWindows.swift in Sources */ = {isa = PBXBuildFile; fileRef = 8AB7E9791F278DC7005E36BB /* UIconWindows.swift */; };
		8AB7E9831F278DC7005E36BB /* UIconWindowSub.swift in Sources */ = {isa = PBXBuildFile; fileRef = 8AB7E97A1F278DC7005E36BB /* UIconWindowSub.swift */; };
		8AB99D7D1F34210600497E4E /* EditBookViewController.xib in Resources */ = {isa = PBXBuildFile; fileRef = 8AB99D7F1F34210600497E4E /* EditBookViewController.xib */; };
		8AD631381F2B93780067B57E /* MenuBarTangoEdit.swift in Sources */ = {isa = PBXBuildFile; fileRef = 8AD631371F2B93780067B57E /* MenuBarTangoEdit.swift */; };
		8AD6313A1F2B941B0067B57E /* IconInfoDialog.swift in Sources */ = {isa = PBXBuildFile; fileRef = 8AD631391F2B941B0067B57E /* IconInfoDialog.swift */; };
		8AD6313C1F2B94CE0067B57E /* IconInfoDialogCard.swift in Sources */ = {isa = PBXBuildFile; fileRef = 8AD6313B1F2B94CE0067B57E /* IconInfoDialogCard.swift */; };
		8AD6313E1F2B96540067B57E /* IconInfoDialogBook.swift in Sources */ = {isa = PBXBuildFile; fileRef = 8AD6313D1F2B96540067B57E /* IconInfoDialogBook.swift */; };
		8AD631401F2B97450067B57E /* IconInfoDialogInTrash.swift in Sources */ = {isa = PBXBuildFile; fileRef = 8AD6313F1F2B97450067B57E /* IconInfoDialogInTrash.swift */; };
		8AE089FC1F24677D0024E9B7 /* UNViewController.swift in Sources */ = {isa = PBXBuildFile; fileRef = 8AE089FB1F24677D0024E9B7 /* UNViewController.swift */; };
		8AE08A031F24B98E0024E9B7 /* TestDB2ViewController.swift in Sources */ = {isa = PBXBuildFile; fileRef = 8AE08A011F24B98E0024E9B7 /* TestDB2ViewController.swift */; };
		8AE08A041F24B98E0024E9B7 /* TestDB2ViewController.xib in Resources */ = {isa = PBXBuildFile; fileRef = 8AE08A021F24B98E0024E9B7 /* TestDB2ViewController.xib */; };
		8AE08A071F24B9A20024E9B7 /* TestDB3ViewController.swift in Sources */ = {isa = PBXBuildFile; fileRef = 8AE08A051F24B9A20024E9B7 /* TestDB3ViewController.swift */; };
		8AE08A081F24B9A20024E9B7 /* TestDB3ViewController.xib in Resources */ = {isa = PBXBuildFile; fileRef = 8AE08A061F24B9A20024E9B7 /* TestDB3ViewController.xib */; };
		8AE08A0B1F24BA010024E9B7 /* TestDB4ViewController.swift in Sources */ = {isa = PBXBuildFile; fileRef = 8AE08A091F24BA010024E9B7 /* TestDB4ViewController.swift */; };
		8AE08A0C1F24BA010024E9B7 /* TestDB4ViewController.xib in Resources */ = {isa = PBXBuildFile; fileRef = 8AE08A0A1F24BA010024E9B7 /* TestDB4ViewController.xib */; };
		8AE08A0F1F24BA1C0024E9B7 /* TestDB5ViewController.swift in Sources */ = {isa = PBXBuildFile; fileRef = 8AE08A0D1F24BA1C0024E9B7 /* TestDB5ViewController.swift */; };
		8AE08A101F24BA1C0024E9B7 /* TestDB5ViewController.xib in Resources */ = {isa = PBXBuildFile; fileRef = 8AE08A0E1F24BA1C0024E9B7 /* TestDB5ViewController.xib */; };
		8AE08A131F24BA310024E9B7 /* TestDB6ViewController.swift in Sources */ = {isa = PBXBuildFile; fileRef = 8AE08A111F24BA310024E9B7 /* TestDB6ViewController.swift */; };
		8AE08A141F24BA310024E9B7 /* TestDB6ViewController.xib in Resources */ = {isa = PBXBuildFile; fileRef = 8AE08A121F24BA310024E9B7 /* TestDB6ViewController.xib */; };
		8AE08A851F2580D00024E9B7 /* UButton.swift in Sources */ = {isa = PBXBuildFile; fileRef = 8AE08A621F2580D00024E9B7 /* UButton.swift */; };
		8AE08A861F2580D00024E9B7 /* UButtonClose.swift in Sources */ = {isa = PBXBuildFile; fileRef = 8AE08A631F2580D00024E9B7 /* UButtonClose.swift */; };
		8AE08A871F2580D00024E9B7 /* UButtonImage.swift in Sources */ = {isa = PBXBuildFile; fileRef = 8AE08A641F2580D00024E9B7 /* UButtonImage.swift */; };
		8AE08A881F2580D00024E9B7 /* UButtonText.swift in Sources */ = {isa = PBXBuildFile; fileRef = 8AE08A651F2580D00024E9B7 /* UButtonText.swift */; };
		8AE08A891F2580D00024E9B7 /* ListItemTest1.swift in Sources */ = {isa = PBXBuildFile; fileRef = 8AE08A671F2580D00024E9B7 /* ListItemTest1.swift */; };
		8AE08A8A1F2580D00024E9B7 /* MenuBarTest1.swift in Sources */ = {isa = PBXBuildFile; fileRef = 8AE08A691F2580D00024E9B7 /* MenuBarTest1.swift */; };
		8AE08A8B1F2580D00024E9B7 /* UMenuBar.swift in Sources */ = {isa = PBXBuildFile; fileRef = 8AE08A6A1F2580D00024E9B7 /* UMenuBar.swift */; };
		8AE08A8C1F2580D00024E9B7 /* UMenuItem.swift in Sources */ = {isa = PBXBuildFile; fileRef = 8AE08A6B1F2580D00024E9B7 /* UMenuItem.swift */; };
		8AE08A8D1F2580D00024E9B7 /* UCircle.swift in Sources */ = {isa = PBXBuildFile; fileRef = 8AE08A6D1F2580D00024E9B7 /* UCircle.swift */; };
		8AE08A8E1F2580D00024E9B7 /* UScrollBar.swift in Sources */ = {isa = PBXBuildFile; fileRef = 8AE08A6F1F2580D00024E9B7 /* UScrollBar.swift */; };
		8AE08A8F1F2580D00024E9B7 /* UTextView.swift in Sources */ = {isa = PBXBuildFile; fileRef = 8AE08A711F2580D00024E9B7 /* UTextView.swift */; };
		8AE08A901F2580D00024E9B7 /* UTextViewOpenClose.swift in Sources */ = {isa = PBXBuildFile; fileRef = 8AE08A721F2580D00024E9B7 /* UTextViewOpenClose.swift */; };
		8AE08A911F2580D00024E9B7 /* UAlignment.swift in Sources */ = {isa = PBXBuildFile; fileRef = 8AE08A731F2580D00024E9B7 /* UAlignment.swift */; };
		8AE08A921F2580D00024E9B7 /* DrawList.swift in Sources */ = {isa = PBXBuildFile; fileRef = 8AE08A751F2580D00024E9B7 /* DrawList.swift */; };
		8AE08A931F2580D00024E9B7 /* DrawPriority.swift in Sources */ = {isa = PBXBuildFile; fileRef = 8AE08A761F2580D00024E9B7 /* DrawPriority.swift */; };
		8AE08A941F2580D00024E9B7 /* UDrawable.swift in Sources */ = {isa = PBXBuildFile; fileRef = 8AE08A771F2580D00024E9B7 /* UDrawable.swift */; };
		8AE08A951F2580D00024E9B7 /* UDrawableRect.swift in Sources */ = {isa = PBXBuildFile; fileRef = 8AE08A781F2580D00024E9B7 /* UDrawableRect.swift */; };
		8AE08A961F2580D00024E9B7 /* UDrawManager.swift in Sources */ = {isa = PBXBuildFile; fileRef = 8AE08A791F2580D00024E9B7 /* UDrawManager.swift */; };
		8AE08A971F2580D00024E9B7 /* UDraw.swift in Sources */ = {isa = PBXBuildFile; fileRef = 8AE08A7A1F2580D00024E9B7 /* UDraw.swift */; };
		8AE08A981F2580D00024E9B7 /* UImageView.swift in Sources */ = {isa = PBXBuildFile; fileRef = 8AE08A7B1F2580D00024E9B7 /* UImageView.swift */; };
		8AE08A991F2580D00024E9B7 /* UListItem.swift in Sources */ = {isa = PBXBuildFile; fileRef = 8AE08A7C1F2580D00024E9B7 /* UListItem.swift */; };
		8AE08A9A1F2580D00024E9B7 /* UListView.swift in Sources */ = {isa = PBXBuildFile; fileRef = 8AE08A7D1F2580D00024E9B7 /* UListView.swift */; };
		8AE08A9B1F2580D00024E9B7 /* URect.swift in Sources */ = {isa = PBXBuildFile; fileRef = 8AE08A7E1F2580D00024E9B7 /* URect.swift */; };
		8AE08A9C1F2580D00024E9B7 /* UView.swift in Sources */ = {isa = PBXBuildFile; fileRef = 8AE08A7F1F2580D00024E9B7 /* UView.swift */; };
		8AE08A9D1F2580D00024E9B7 /* UDialogWindow.swift in Sources */ = {isa = PBXBuildFile; fileRef = 8AE08A811F2580D00024E9B7 /* UDialogWindow.swift */; };
		8AE08A9E1F2580D00024E9B7 /* ULogWindow.swift in Sources */ = {isa = PBXBuildFile; fileRef = 8AE08A821F2580D00024E9B7 /* ULogWindow.swift */; };
		8AE08A9F1F2580D00024E9B7 /* UPopupWindow.swift in Sources */ = {isa = PBXBuildFile; fileRef = 8AE08A831F2580D00024E9B7 /* UPopupWindow.swift */; };
		8AE08AA01F2580D00024E9B7 /* UWindow.swift in Sources */ = {isa = PBXBuildFile; fileRef = 8AE08A841F2580D00024E9B7 /* UWindow.swift */; };
		8AE08AAF1F2580D70024E9B7 /* EnumEnumerable.swift in Sources */ = {isa = PBXBuildFile; fileRef = 8AE08AA21F2580D70024E9B7 /* EnumEnumerable.swift */; };
		8AE08AB01F2580D70024E9B7 /* List.swift in Sources */ = {isa = PBXBuildFile; fileRef = 8AE08AA31F2580D70024E9B7 /* List.swift */; };
		8AE08AB11F2580D70024E9B7 /* MyUserDefault.swift in Sources */ = {isa = PBXBuildFile; fileRef = 8AE08AA41F2580D70024E9B7 /* MyUserDefault.swift */; };
		8AE08AB21F2580D70024E9B7 /* NanoTimer.swift in Sources */ = {isa = PBXBuildFile; fileRef = 8AE08AA51F2580D70024E9B7 /* NanoTimer.swift */; };
		8AE08AB31F2580D70024E9B7 /* Random.swift in Sources */ = {isa = PBXBuildFile; fileRef = 8AE08AA61F2580D70024E9B7 /* Random.swift */; };
		8AE08AB41F2580D70024E9B7 /* RefDictionary.swift in Sources */ = {isa = PBXBuildFile; fileRef = 8AE08AA71F2580D70024E9B7 /* RefDictionary.swift */; };
		8AE08AB51F2580D70024E9B7 /* UColor.swift in Sources */ = {isa = PBXBuildFile; fileRef = 8AE08AA81F2580D70024E9B7 /* UColor.swift */; };
		8AE08AB61F2580D70024E9B7 /* UDebug.swift in Sources */ = {isa = PBXBuildFile; fileRef = 8AE08AA91F2580D70024E9B7 /* UDebug.swift */; };
		8AE08AB71F2580D70024E9B7 /* UDpi.swift in Sources */ = {isa = PBXBuildFile; fileRef = 8AE08AAA1F2580D70024E9B7 /* UDpi.swift */; };
		8AE08AB81F2580D70024E9B7 /* UIViewUtil.swift in Sources */ = {isa = PBXBuildFile; fileRef = 8AE08AAB1F2580D70024E9B7 /* UIViewUtil.swift */; };
		8AE08AB91F2580D70024E9B7 /* ULog.swift in Sources */ = {isa = PBXBuildFile; fileRef = 8AE08AAC1F2580D70024E9B7 /* ULog.swift */; };
		8AE08ABA1F2580D70024E9B7 /* UResourceManager.swift in Sources */ = {isa = PBXBuildFile; fileRef = 8AE08AAD1F2580D70024E9B7 /* UResourceManager.swift */; };
		8AE08ABB1F2580D70024E9B7 /* UUtil.swift in Sources */ = {isa = PBXBuildFile; fileRef = 8AE08AAE1F2580D70024E9B7 /* UUtil.swift */; };
		8AE08ABF1F2580E00024E9B7 /* CGRect+U.swift in Sources */ = {isa = PBXBuildFile; fileRef = 8AE08ABD1F2580E00024E9B7 /* CGRect+U.swift */; };
		8AE08AC01F2580E00024E9B7 /* UIColor+ex.swift in Sources */ = {isa = PBXBuildFile; fileRef = 8AE08ABE1F2580E00024E9B7 /* UIColor+ex.swift */; };
		8AF5E9F81F2EC009008D8508 /* Int+ex.swift in Sources */ = {isa = PBXBuildFile; fileRef = 8AF5E9F71F2EC009008D8508 /* Int+ex.swift */; };
		8AF5E9FB1F2ED31E008D8508 /* PresetBook.swift in Sources */ = {isa = PBXBuildFile; fileRef = 8AF5E9FA1F2ED31E008D8508 /* PresetBook.swift */; };
		8AF5E9FD1F2ED332008D8508 /* PresetCard.swift in Sources */ = {isa = PBXBuildFile; fileRef = 8AF5E9FC1F2ED331008D8508 /* PresetCard.swift */; };
		8AF5E9FF1F2ED344008D8508 /* PresetBookManager.swift in Sources */ = {isa = PBXBuildFile; fileRef = 8AF5E9FE1F2ED344008D8508 /* PresetBookManager.swift */; };
		8AF7817B1F1F3E4400FC4EF2 /* AppDelegate.swift in Sources */ = {isa = PBXBuildFile; fileRef = 8AF7817A1F1F3E4400FC4EF2 /* AppDelegate.swift */; };
		8AF7817D1F1F3E4400FC4EF2 /* ViewController.swift in Sources */ = {isa = PBXBuildFile; fileRef = 8AF7817C1F1F3E4400FC4EF2 /* ViewController.swift */; };
		8AF781821F1F3E4400FC4EF2 /* Assets.xcassets in Resources */ = {isa = PBXBuildFile; fileRef = 8AF781811F1F3E4400FC4EF2 /* Assets.xcassets */; };
		8AF781A61F1F445500FC4EF2 /* BackupFile.swift in Sources */ = {isa = PBXBuildFile; fileRef = 8AF781971F1F445500FC4EF2 /* BackupFile.swift */; };
		8AF781A71F1F445500FC4EF2 /* BackupFileDao.swift in Sources */ = {isa = PBXBuildFile; fileRef = 8AF781981F1F445500FC4EF2 /* BackupFileDao.swift */; };
		8AF781A81F1F445500FC4EF2 /* TangoBook.swift in Sources */ = {isa = PBXBuildFile; fileRef = 8AF781991F1F445500FC4EF2 /* TangoBook.swift */; };
		8AF781A91F1F445500FC4EF2 /* TangoBookDao.swift in Sources */ = {isa = PBXBuildFile; fileRef = 8AF7819A1F1F445500FC4EF2 /* TangoBookDao.swift */; };
		8AF781AA1F1F445500FC4EF2 /* TangoBookHistory.swift in Sources */ = {isa = PBXBuildFile; fileRef = 8AF7819B1F1F445500FC4EF2 /* TangoBookHistory.swift */; };
		8AF781AB1F1F445500FC4EF2 /* TangoBookHistoryDao.swift in Sources */ = {isa = PBXBuildFile; fileRef = 8AF7819C1F1F445500FC4EF2 /* TangoBookHistoryDao.swift */; };
		8AF781AC1F1F445500FC4EF2 /* TangoCard.swift in Sources */ = {isa = PBXBuildFile; fileRef = 8AF7819D1F1F445500FC4EF2 /* TangoCard.swift */; };
		8AF781AD1F1F445500FC4EF2 /* TangoCardDao.swift in Sources */ = {isa = PBXBuildFile; fileRef = 8AF7819E1F1F445500FC4EF2 /* TangoCardDao.swift */; };
		8AF781AE1F1F445500FC4EF2 /* TangoCardHistory.swift in Sources */ = {isa = PBXBuildFile; fileRef = 8AF7819F1F1F445500FC4EF2 /* TangoCardHistory.swift */; };
		8AF781AF1F1F445500FC4EF2 /* TangoCardHistoryDao.swift in Sources */ = {isa = PBXBuildFile; fileRef = 8AF781A01F1F445500FC4EF2 /* TangoCardHistoryDao.swift */; };
		8AF781B11F1F445500FC4EF2 /* TangoItemPos.swift in Sources */ = {isa = PBXBuildFile; fileRef = 8AF781A21F1F445500FC4EF2 /* TangoItemPos.swift */; };
		8AF781B21F1F445500FC4EF2 /* TangoItemPosDao.swift in Sources */ = {isa = PBXBuildFile; fileRef = 8AF781A31F1F445500FC4EF2 /* TangoItemPosDao.swift */; };
		8AF781B31F1F445500FC4EF2 /* TangoStudiedCard.swift in Sources */ = {isa = PBXBuildFile; fileRef = 8AF781A41F1F445500FC4EF2 /* TangoStudiedCard.swift */; };
		8AF781B41F1F445500FC4EF2 /* TangoStudiedCardDao.swift in Sources */ = {isa = PBXBuildFile; fileRef = 8AF781A51F1F445500FC4EF2 /* TangoStudiedCardDao.swift */; };
		8AF781B61F1F44B400FC4EF2 /* TangoItem.swift in Sources */ = {isa = PBXBuildFile; fileRef = 8AF781B51F1F44B400FC4EF2 /* TangoItem.swift */; };
		DCD7158FB5E17E3FE18914F6 /* Pods_TangoBook.framework in Frameworks */ = {isa = PBXBuildFile; fileRef = 488C90E2B6610DFD29991F5E /* Pods_TangoBook.framework */; };
/* End PBXBuildFile section */

/* Begin PBXFileReference section */
		488C90E2B6610DFD29991F5E /* Pods_TangoBook.framework */ = {isa = PBXFileReference; explicitFileType = wrapper.framework; includeInIndex = 0; path = Pods_TangoBook.framework; sourceTree = BUILT_PRODUCTS_DIR; };
		8A0D6F8F1F306587002A1949 /* CsvParser.swift */ = {isa = PBXFileReference; fileEncoding = 4; lastKnownFileType = sourcecode.swift; name = CsvParser.swift; path = PresetBook/CsvParser.swift; sourceTree = "<group>"; };
		8A0D6FA01F317618002A1949 /* UFileManager.swift */ = {isa = PBXFileReference; fileEncoding = 4; lastKnownFileType = sourcecode.swift; path = UFileManager.swift; sourceTree = "<group>"; };
		8A0D6FAE1F319748002A1949 /* EditCardViewController.swift */ = {isa = PBXFileReference; fileEncoding = 4; lastKnownFileType = sourcecode.swift; name = EditCardViewController.swift; path = ViewController/EditCardViewController.swift; sourceTree = "<group>"; };
		8A0D6FB21F319765002A1949 /* EditBookViewController.swift */ = {isa = PBXFileReference; fileEncoding = 4; lastKnownFileType = sourcecode.swift; name = EditBookViewController.swift; path = ViewController/EditBookViewController.swift; sourceTree = "<group>"; };
		8A0D6FB61F31A47A002A1949 /* TangoBackupFileDao.swift */ = {isa = PBXFileReference; fileEncoding = 4; lastKnownFileType = sourcecode.swift; name = TangoBackupFileDao.swift; path = TangoBook/Database/TangoBackupFileDao.swift; sourceTree = "<group>"; };
		8A2584AD1F3209C3002EE9E2 /* Base */ = {isa = PBXFileReference; lastKnownFileType = file.xib; name = Base; path = Base.lproj/EditCardViewController.xib; sourceTree = "<group>"; };
		8A2584BB1F320E15002EE9E2 /* en */ = {isa = PBXFileReference; lastKnownFileType = text.plist.strings; name = en; path = en.lproj/EditCardViewController.strings; sourceTree = "<group>"; };
		8A2584BC1F320E19002EE9E2 /* ja */ = {isa = PBXFileReference; lastKnownFileType = text.plist.strings; name = ja; path = ja.lproj/EditCardViewController.strings; sourceTree = "<group>"; };
		8A6DA4E31F346D29000F4057 /* URealmManager.swift */ = {isa = PBXFileReference; fileEncoding = 4; lastKnownFileType = sourcecode.swift; name = URealmManager.swift; path = TangoBook/Database/URealmManager.swift; sourceTree = "<group>"; };
		8A85223F1F22514300B5B8A3 /* TestDatabase.swift */ = {isa = PBXFileReference; fileEncoding = 4; lastKnownFileType = sourcecode.swift; name = TestDatabase.swift; path = TangoBook/Database/Test/TestDatabase.swift; sourceTree = "<group>"; };
		8A8522421F22533000B5B8A3 /* TestDBViewController.swift */ = {isa = PBXFileReference; fileEncoding = 4; lastKnownFileType = sourcecode.swift; name = TestDBViewController.swift; path = TangoBook/Database/Test/TestDBViewController.swift; sourceTree = "<group>"; };
		8A8522431F22533000B5B8A3 /* TestDBViewController.xib */ = {isa = PBXFileReference; fileEncoding = 4; lastKnownFileType = file.xib; name = TestDBViewController.xib; path = TangoBook/Database/Test/TestDBViewController.xib; sourceTree = "<group>"; };
		8A8522461F22539800B5B8A3 /* ViewController.xib */ = {isa = PBXFileReference; fileEncoding = 4; lastKnownFileType = file.xib; name = ViewController.xib; path = TangoBook/ViewController.xib; sourceTree = "<group>"; };
		8AA3B5061F29B1F100AE445E /* UIImage+ex.swift */ = {isa = PBXFileReference; fileEncoding = 4; lastKnownFileType = sourcecode.swift; path = "UIImage+ex.swift"; sourceTree = "<group>"; };
		8AA3B5081F29B4F500AE445E /* TangoEnums.swift */ = {isa = PBXFileReference; fileEncoding = 4; lastKnownFileType = sourcecode.swift; path = TangoEnums.swift; sourceTree = "<group>"; };
		8AB7E8F41F2581EF005E36BB /* Resource */ = {isa = PBXFileReference; lastKnownFileType = folder; path = Resource; sourceTree = "<group>"; };
		8AB7E8F61F25824C005E36BB /* ImageName.swift */ = {isa = PBXFileReference; fileEncoding = 4; lastKnownFileType = sourcecode.swift; path = ImageName.swift; sourceTree = "<group>"; };
		8AB7E8F91F2582C0005E36BB /* TopView.swift */ = {isa = PBXFileReference; fileEncoding = 4; lastKnownFileType = sourcecode.swift; path = TopView.swift; sourceTree = "<group>"; };
		8AB7E8FB1F258384005E36BB /* ViewTouch.swift */ = {isa = PBXFileReference; fileEncoding = 4; lastKnownFileType = sourcecode.swift; path = ViewTouch.swift; sourceTree = "<group>"; };
		8AB7E9061F2583F4005E36BB /* PageViewTest.swift */ = {isa = PBXFileReference; fileEncoding = 4; lastKnownFileType = sourcecode.swift; path = PageViewTest.swift; sourceTree = "<group>"; };
		8AB7E9071F2583F4005E36BB /* UPageView.swift */ = {isa = PBXFileReference; fileEncoding = 4; lastKnownFileType = sourcecode.swift; path = UPageView.swift; sourceTree = "<group>"; };
		8AB7E9081F2583F4005E36BB /* UPageViewManager.swift */ = {isa = PBXFileReference; fileEncoding = 4; lastKnownFileType = sourcecode.swift; path = UPageViewManager.swift; sourceTree = "<group>"; };
		8AB7E9141F258463005E36BB /* UScrollWindow.swift */ = {isa = PBXFileReference; fileEncoding = 4; lastKnownFileType = sourcecode.swift; path = UScrollWindow.swift; sourceTree = "<group>"; };
		8AB7E9161F258764005E36BB /* TestDBTopViewController.swift */ = {isa = PBXFileReference; fileEncoding = 4; lastKnownFileType = sourcecode.swift; name = TestDBTopViewController.swift; path = TangoBook/ViewController/TestDBTopViewController.swift; sourceTree = "<group>"; };
		8AB7E9171F258764005E36BB /* TestDBTopViewController.xib */ = {isa = PBXFileReference; fileEncoding = 4; lastKnownFileType = file.xib; name = TestDBTopViewController.xib; path = TangoBook/ViewController/TestDBTopViewController.xib; sourceTree = "<group>"; };
		8AB7E91D1F258873005E36BB /* TestGuiTopViewController.swift */ = {isa = PBXFileReference; fileEncoding = 4; lastKnownFileType = sourcecode.swift; name = TestGuiTopViewController.swift; path = ViewController/TestGuiTopViewController.swift; sourceTree = "<group>"; };
		8AB7E91E1F258873005E36BB /* TestGuiTopViewController.xib */ = {isa = PBXFileReference; fileEncoding = 4; lastKnownFileType = file.xib; name = TestGuiTopViewController.xib; path = ViewController/TestGuiTopViewController.xib; sourceTree = "<group>"; };
		8AB7E9211F258A1B005E36BB /* TestGuiView.swift */ = {isa = PBXFileReference; fileEncoding = 4; lastKnownFileType = sourcecode.swift; path = TestGuiView.swift; sourceTree = "<group>"; };
		8AB7E9241F259991005E36BB /* PageViewManagerMain.swift */ = {isa = PBXFileReference; fileEncoding = 4; lastKnownFileType = sourcecode.swift; name = PageViewManagerMain.swift; path = PageView/PageViewManagerMain.swift; sourceTree = "<group>"; };
		8AB7E9251F259991005E36BB /* PageViewTemplate.swift */ = {isa = PBXFileReference; fileEncoding = 4; lastKnownFileType = sourcecode.swift; name = PageViewTemplate.swift; path = PageView/PageViewTemplate.swift; sourceTree = "<group>"; };
		8AB7E9261F259991005E36BB /* PageViewTest1.swift */ = {isa = PBXFileReference; fileEncoding = 4; lastKnownFileType = sourcecode.swift; name = PageViewTest1.swift; path = PageView/PageViewTest1.swift; sourceTree = "<group>"; };
		8AB7E9271F259991005E36BB /* PageViewTest2.swift */ = {isa = PBXFileReference; fileEncoding = 4; lastKnownFileType = sourcecode.swift; name = PageViewTest2.swift; path = PageView/PageViewTest2.swift; sourceTree = "<group>"; };
		8AB7E9281F259991005E36BB /* PageViewTest3.swift */ = {isa = PBXFileReference; fileEncoding = 4; lastKnownFileType = sourcecode.swift; name = PageViewTest3.swift; path = PageView/PageViewTest3.swift; sourceTree = "<group>"; };
		8AB7E9291F259991005E36BB /* PageViewTest4.swift */ = {isa = PBXFileReference; fileEncoding = 4; lastKnownFileType = sourcecode.swift; name = PageViewTest4.swift; path = PageView/PageViewTest4.swift; sourceTree = "<group>"; };
		8AB7E92A1F259991005E36BB /* PageViewTest5.swift */ = {isa = PBXFileReference; fileEncoding = 4; lastKnownFileType = sourcecode.swift; name = PageViewTest5.swift; path = PageView/PageViewTest5.swift; sourceTree = "<group>"; };
		8AB7E92B1F259991005E36BB /* PageViewTest6.swift */ = {isa = PBXFileReference; fileEncoding = 4; lastKnownFileType = sourcecode.swift; name = PageViewTest6.swift; path = PageView/PageViewTest6.swift; sourceTree = "<group>"; };
		8AB7E9391F25A00F005E36BB /* PageViewBackup.swift */ = {isa = PBXFileReference; fileEncoding = 4; lastKnownFileType = sourcecode.swift; name = PageViewBackup.swift; path = PageView/PageViewBackup.swift; sourceTree = "<group>"; };
		8AB7E93A1F25A00F005E36BB /* PageViewCsvBook.swift */ = {isa = PBXFileReference; fileEncoding = 4; lastKnownFileType = sourcecode.swift; name = PageViewCsvBook.swift; path = PageView/PageViewCsvBook.swift; sourceTree = "<group>"; };
		8AB7E93B1F25A00F005E36BB /* PageViewDebug.swift */ = {isa = PBXFileReference; fileEncoding = 4; lastKnownFileType = sourcecode.swift; name = PageViewDebug.swift; path = PageView/PageViewDebug.swift; sourceTree = "<group>"; };
		8AB7E93C1F25A00F005E36BB /* PageViewDebugDB.swift */ = {isa = PBXFileReference; fileEncoding = 4; lastKnownFileType = sourcecode.swift; name = PageViewDebugDB.swift; path = PageView/PageViewDebugDB.swift; sourceTree = "<group>"; };
		8AB7E93D1F25A00F005E36BB /* PageViewHelp.swift */ = {isa = PBXFileReference; fileEncoding = 4; lastKnownFileType = sourcecode.swift; name = PageViewHelp.swift; path = PageView/PageViewHelp.swift; sourceTree = "<group>"; };
		8AB7E93E1F25A00F005E36BB /* PageViewHistory.swift */ = {isa = PBXFileReference; fileEncoding = 4; lastKnownFileType = sourcecode.swift; name = PageViewHistory.swift; path = PageView/PageViewHistory.swift; sourceTree = "<group>"; };
		8AB7E93F1F25A00F005E36BB /* PageViewOptions.swift */ = {isa = PBXFileReference; fileEncoding = 4; lastKnownFileType = sourcecode.swift; name = PageViewOptions.swift; path = PageView/PageViewOptions.swift; sourceTree = "<group>"; };
		8AB7E9401F25A00F005E36BB /* PageViewPresetBook.swift */ = {isa = PBXFileReference; fileEncoding = 4; lastKnownFileType = sourcecode.swift; name = PageViewPresetBook.swift; path = PageView/PageViewPresetBook.swift; sourceTree = "<group>"; };
		8AB7E9411F25A00F005E36BB /* PageViewRestore.swift */ = {isa = PBXFileReference; fileEncoding = 4; lastKnownFileType = sourcecode.swift; name = PageViewRestore.swift; path = PageView/PageViewRestore.swift; sourceTree = "<group>"; };
		8AB7E9421F25A00F005E36BB /* PageViewResult.swift */ = {isa = PBXFileReference; fileEncoding = 4; lastKnownFileType = sourcecode.swift; name = PageViewResult.swift; path = PageView/PageViewResult.swift; sourceTree = "<group>"; };
		8AB7E9431F25A00F005E36BB /* PageViewSettingsTop.swift */ = {isa = PBXFileReference; fileEncoding = 4; lastKnownFileType = sourcecode.swift; name = PageViewSettingsTop.swift; path = PageView/PageViewSettingsTop.swift; sourceTree = "<group>"; };
		8AB7E9441F25A00F005E36BB /* PageViewStudySlide.swift */ = {isa = PBXFileReference; fileEncoding = 4; lastKnownFileType = sourcecode.swift; name = PageViewStudySlide.swift; path = PageView/PageViewStudySlide.swift; sourceTree = "<group>"; };
		8AB7E9451F25A00F005E36BB /* PageViewStudy.swift */ = {isa = PBXFileReference; fileEncoding = 4; lastKnownFileType = sourcecode.swift; name = PageViewStudy.swift; path = PageView/PageViewStudy.swift; sourceTree = "<group>"; };
		8AB7E9461F25A00F005E36BB /* PageViewStudyBookSelect.swift */ = {isa = PBXFileReference; fileEncoding = 4; lastKnownFileType = sourcecode.swift; name = PageViewStudyBookSelect.swift; path = PageView/PageViewStudyBookSelect.swift; sourceTree = "<group>"; };
		8AB7E9471F25A00F005E36BB /* PageViewStudyInputCorrect.swift */ = {isa = PBXFileReference; fileEncoding = 4; lastKnownFileType = sourcecode.swift; name = PageViewStudyInputCorrect.swift; path = PageView/PageViewStudyInputCorrect.swift; sourceTree = "<group>"; };
		8AB7E9481F25A00F005E36BB /* PageViewStudySelect4.swift */ = {isa = PBXFileReference; fileEncoding = 4; lastKnownFileType = sourcecode.swift; name = PageViewStudySelect4.swift; path = PageView/PageViewStudySelect4.swift; sourceTree = "<group>"; };
		8AB7E9491F25A00F005E36BB /* PageViewTangoEdit.swift */ = {isa = PBXFileReference; fileEncoding = 4; lastKnownFileType = sourcecode.swift; name = PageViewTangoEdit.swift; path = PageView/PageViewTangoEdit.swift; sourceTree = "<group>"; };
		8AB7E95D1F25A2AF005E36BB /* PageViewTitle.swift */ = {isa = PBXFileReference; fileEncoding = 4; lastKnownFileType = sourcecode.swift; name = PageViewTitle.swift; path = PageView/PageViewTitle.swift; sourceTree = "<group>"; };
		8AB7E9641F25B441005E36BB /* en */ = {isa = PBXFileReference; lastKnownFileType = text.plist.strings; name = en; path = en.lproj/Localizable.strings; sourceTree = "<group>"; };
		8AB7E9651F25B52A005E36BB /* ja */ = {isa = PBXFileReference; lastKnownFileType = text.plist.strings; name = ja; path = ja.lproj/Localizable.strings; sourceTree = "<group>"; };
		8AB7E9661F25D29E005E36BB /* PageViewManagerTest1.swift */ = {isa = PBXFileReference; fileEncoding = 4; lastKnownFileType = sourcecode.swift; name = PageViewManagerTest1.swift; path = PageView/PageViewManagerTest1.swift; sourceTree = "<group>"; };
		8AB7E9691F25E12E005E36BB /* TopViewController.swift */ = {isa = PBXFileReference; fileEncoding = 4; lastKnownFileType = sourcecode.swift; name = TopViewController.swift; path = ViewController/TopViewController.swift; sourceTree = "<group>"; };
		8AB7E96A1F25E12E005E36BB /* TopViewController.xib */ = {isa = PBXFileReference; fileEncoding = 4; lastKnownFileType = file.xib; name = TopViewController.xib; path = ViewController/TopViewController.xib; sourceTree = "<group>"; };
		8AB7E96D1F25E1D0005E36BB /* TangoTopView.swift */ = {isa = PBXFileReference; fileEncoding = 4; lastKnownFileType = sourcecode.swift; path = TangoTopView.swift; sourceTree = "<group>"; };
		8AB7E9701F278CE2005E36BB /* UIcon.swift */ = {isa = PBXFileReference; fileEncoding = 4; lastKnownFileType = sourcecode.swift; name = UIcon.swift; path = Icon/UIcon.swift; sourceTree = "<group>"; };
		8AB7E9721F278DC7005E36BB /* IconBook.swift */ = {isa = PBXFileReference; fileEncoding = 4; lastKnownFileType = sourcecode.swift; name = IconBook.swift; path = Icon/IconBook.swift; sourceTree = "<group>"; };
		8AB7E9731F278DC7005E36BB /* IconCard.swift */ = {isa = PBXFileReference; fileEncoding = 4; lastKnownFileType = sourcecode.swift; name = IconCard.swift; path = Icon/IconCard.swift; sourceTree = "<group>"; };
		8AB7E9741F278DC7005E36BB /* IconContainer.swift */ = {isa = PBXFileReference; fileEncoding = 4; lastKnownFileType = sourcecode.swift; name = IconContainer.swift; path = Icon/IconContainer.swift; sourceTree = "<group>"; };
		8AB7E9751F278DC7005E36BB /* IconTrash.swift */ = {isa = PBXFileReference; fileEncoding = 4; lastKnownFileType = sourcecode.swift; name = IconTrash.swift; path = Icon/IconTrash.swift; sourceTree = "<group>"; };
		8AB7E9761F278DC7005E36BB /* UIconBlockManager.swift */ = {isa = PBXFileReference; fileEncoding = 4; lastKnownFileType = sourcecode.swift; name = UIconBlockManager.swift; path = Icon/UIconBlockManager.swift; sourceTree = "<group>"; };
		8AB7E9771F278DC7005E36BB /* UIconManager.swift */ = {isa = PBXFileReference; fileEncoding = 4; lastKnownFileType = sourcecode.swift; name = UIconManager.swift; path = Icon/UIconManager.swift; sourceTree = "<group>"; };
		8AB7E9781F278DC7005E36BB /* UIconWindow.swift */ = {isa = PBXFileReference; fileEncoding = 4; lastKnownFileType = sourcecode.swift; name = UIconWindow.swift; path = Icon/UIconWindow.swift; sourceTree = "<group>"; };
		8AB7E9791F278DC7005E36BB /* UIconWindows.swift */ = {isa = PBXFileReference; fileEncoding = 4; lastKnownFileType = sourcecode.swift; name = UIconWindows.swift; path = Icon/UIconWindows.swift; sourceTree = "<group>"; };
		8AB7E97A1F278DC7005E36BB /* UIconWindowSub.swift */ = {isa = PBXFileReference; fileEncoding = 4; lastKnownFileType = sourcecode.swift; name = UIconWindowSub.swift; path = Icon/UIconWindowSub.swift; sourceTree = "<group>"; };
		8AB99D7E1F34210600497E4E /* Base */ = {isa = PBXFileReference; lastKnownFileType = file.xib; name = Base; path = Base.lproj/EditBookViewController.xib; sourceTree = "<group>"; };
		8AB99D811F34210800497E4E /* en */ = {isa = PBXFileReference; lastKnownFileType = text.plist.strings; name = en; path = en.lproj/EditBookViewController.strings; sourceTree = "<group>"; };
		8AB99D831F34211200497E4E /* ja */ = {isa = PBXFileReference; lastKnownFileType = text.plist.strings; name = ja; path = ja.lproj/EditBookViewController.strings; sourceTree = "<group>"; };
		8AD631371F2B93780067B57E /* MenuBarTangoEdit.swift */ = {isa = PBXFileReference; fileEncoding = 4; lastKnownFileType = sourcecode.swift; name = MenuBarTangoEdit.swift; path = TangoEdit/MenuBarTangoEdit.swift; sourceTree = "<group>"; };
		8AD631391F2B941B0067B57E /* IconInfoDialog.swift */ = {isa = PBXFileReference; fileEncoding = 4; lastKnownFileType = sourcecode.swift; name = IconInfoDialog.swift; path = Icon/IconInfoDialog.swift; sourceTree = "<group>"; };
		8AD6313B1F2B94CE0067B57E /* IconInfoDialogCard.swift */ = {isa = PBXFileReference; fileEncoding = 4; lastKnownFileType = sourcecode.swift; name = IconInfoDialogCard.swift; path = Icon/IconInfoDialogCard.swift; sourceTree = "<group>"; };
		8AD6313D1F2B96540067B57E /* IconInfoDialogBook.swift */ = {isa = PBXFileReference; fileEncoding = 4; lastKnownFileType = sourcecode.swift; name = IconInfoDialogBook.swift; path = Icon/IconInfoDialogBook.swift; sourceTree = "<group>"; };
		8AD6313F1F2B97450067B57E /* IconInfoDialogInTrash.swift */ = {isa = PBXFileReference; fileEncoding = 4; lastKnownFileType = sourcecode.swift; name = IconInfoDialogInTrash.swift; path = Icon/IconInfoDialogInTrash.swift; sourceTree = "<group>"; };
		8AE089FB1F24677D0024E9B7 /* UNViewController.swift */ = {isa = PBXFileReference; fileEncoding = 4; lastKnownFileType = sourcecode.swift; name = UNViewController.swift; path = TangoBook/ViewController/UNViewController.swift; sourceTree = "<group>"; };
		8AE08A011F24B98E0024E9B7 /* TestDB2ViewController.swift */ = {isa = PBXFileReference; fileEncoding = 4; lastKnownFileType = sourcecode.swift; name = TestDB2ViewController.swift; path = TangoBook/ViewController/TestDB2ViewController.swift; sourceTree = "<group>"; };
		8AE08A021F24B98E0024E9B7 /* TestDB2ViewController.xib */ = {isa = PBXFileReference; fileEncoding = 4; lastKnownFileType = file.xib; name = TestDB2ViewController.xib; path = TangoBook/ViewController/TestDB2ViewController.xib; sourceTree = "<group>"; };
		8AE08A051F24B9A20024E9B7 /* TestDB3ViewController.swift */ = {isa = PBXFileReference; fileEncoding = 4; lastKnownFileType = sourcecode.swift; name = TestDB3ViewController.swift; path = TangoBook/ViewController/TestDB3ViewController.swift; sourceTree = "<group>"; };
		8AE08A061F24B9A20024E9B7 /* TestDB3ViewController.xib */ = {isa = PBXFileReference; fileEncoding = 4; lastKnownFileType = file.xib; name = TestDB3ViewController.xib; path = TangoBook/ViewController/TestDB3ViewController.xib; sourceTree = "<group>"; };
		8AE08A091F24BA010024E9B7 /* TestDB4ViewController.swift */ = {isa = PBXFileReference; fileEncoding = 4; lastKnownFileType = sourcecode.swift; name = TestDB4ViewController.swift; path = TangoBook/ViewController/TestDB4ViewController.swift; sourceTree = "<group>"; };
		8AE08A0A1F24BA010024E9B7 /* TestDB4ViewController.xib */ = {isa = PBXFileReference; fileEncoding = 4; lastKnownFileType = file.xib; name = TestDB4ViewController.xib; path = TangoBook/ViewController/TestDB4ViewController.xib; sourceTree = "<group>"; };
		8AE08A0D1F24BA1C0024E9B7 /* TestDB5ViewController.swift */ = {isa = PBXFileReference; fileEncoding = 4; lastKnownFileType = sourcecode.swift; name = TestDB5ViewController.swift; path = TangoBook/ViewController/TestDB5ViewController.swift; sourceTree = "<group>"; };
		8AE08A0E1F24BA1C0024E9B7 /* TestDB5ViewController.xib */ = {isa = PBXFileReference; fileEncoding = 4; lastKnownFileType = file.xib; name = TestDB5ViewController.xib; path = TangoBook/ViewController/TestDB5ViewController.xib; sourceTree = "<group>"; };
		8AE08A111F24BA310024E9B7 /* TestDB6ViewController.swift */ = {isa = PBXFileReference; fileEncoding = 4; lastKnownFileType = sourcecode.swift; name = TestDB6ViewController.swift; path = TangoBook/ViewController/TestDB6ViewController.swift; sourceTree = "<group>"; };
		8AE08A121F24BA310024E9B7 /* TestDB6ViewController.xib */ = {isa = PBXFileReference; fileEncoding = 4; lastKnownFileType = file.xib; name = TestDB6ViewController.xib; path = TangoBook/ViewController/TestDB6ViewController.xib; sourceTree = "<group>"; };
		8AE08A621F2580D00024E9B7 /* UButton.swift */ = {isa = PBXFileReference; fileEncoding = 4; lastKnownFileType = sourcecode.swift; path = UButton.swift; sourceTree = "<group>"; };
		8AE08A631F2580D00024E9B7 /* UButtonClose.swift */ = {isa = PBXFileReference; fileEncoding = 4; lastKnownFileType = sourcecode.swift; path = UButtonClose.swift; sourceTree = "<group>"; };
		8AE08A641F2580D00024E9B7 /* UButtonImage.swift */ = {isa = PBXFileReference; fileEncoding = 4; lastKnownFileType = sourcecode.swift; path = UButtonImage.swift; sourceTree = "<group>"; };
		8AE08A651F2580D00024E9B7 /* UButtonText.swift */ = {isa = PBXFileReference; fileEncoding = 4; lastKnownFileType = sourcecode.swift; path = UButtonText.swift; sourceTree = "<group>"; };
		8AE08A671F2580D00024E9B7 /* ListItemTest1.swift */ = {isa = PBXFileReference; fileEncoding = 4; lastKnownFileType = sourcecode.swift; path = ListItemTest1.swift; sourceTree = "<group>"; };
		8AE08A691F2580D00024E9B7 /* MenuBarTest1.swift */ = {isa = PBXFileReference; fileEncoding = 4; lastKnownFileType = sourcecode.swift; path = MenuBarTest1.swift; sourceTree = "<group>"; };
		8AE08A6A1F2580D00024E9B7 /* UMenuBar.swift */ = {isa = PBXFileReference; fileEncoding = 4; lastKnownFileType = sourcecode.swift; path = UMenuBar.swift; sourceTree = "<group>"; };
		8AE08A6B1F2580D00024E9B7 /* UMenuItem.swift */ = {isa = PBXFileReference; fileEncoding = 4; lastKnownFileType = sourcecode.swift; path = UMenuItem.swift; sourceTree = "<group>"; };
		8AE08A6D1F2580D00024E9B7 /* UCircle.swift */ = {isa = PBXFileReference; fileEncoding = 4; lastKnownFileType = sourcecode.swift; path = UCircle.swift; sourceTree = "<group>"; };
		8AE08A6F1F2580D00024E9B7 /* UScrollBar.swift */ = {isa = PBXFileReference; fileEncoding = 4; lastKnownFileType = sourcecode.swift; path = UScrollBar.swift; sourceTree = "<group>"; };
		8AE08A711F2580D00024E9B7 /* UTextView.swift */ = {isa = PBXFileReference; fileEncoding = 4; lastKnownFileType = sourcecode.swift; path = UTextView.swift; sourceTree = "<group>"; };
		8AE08A721F2580D00024E9B7 /* UTextViewOpenClose.swift */ = {isa = PBXFileReference; fileEncoding = 4; lastKnownFileType = sourcecode.swift; path = UTextViewOpenClose.swift; sourceTree = "<group>"; };
		8AE08A731F2580D00024E9B7 /* UAlignment.swift */ = {isa = PBXFileReference; fileEncoding = 4; lastKnownFileType = sourcecode.swift; path = UAlignment.swift; sourceTree = "<group>"; };
		8AE08A751F2580D00024E9B7 /* DrawList.swift */ = {isa = PBXFileReference; fileEncoding = 4; lastKnownFileType = sourcecode.swift; path = DrawList.swift; sourceTree = "<group>"; };
		8AE08A761F2580D00024E9B7 /* DrawPriority.swift */ = {isa = PBXFileReference; fileEncoding = 4; lastKnownFileType = sourcecode.swift; path = DrawPriority.swift; sourceTree = "<group>"; };
		8AE08A771F2580D00024E9B7 /* UDrawable.swift */ = {isa = PBXFileReference; fileEncoding = 4; lastKnownFileType = sourcecode.swift; path = UDrawable.swift; sourceTree = "<group>"; };
		8AE08A781F2580D00024E9B7 /* UDrawableRect.swift */ = {isa = PBXFileReference; fileEncoding = 4; lastKnownFileType = sourcecode.swift; path = UDrawableRect.swift; sourceTree = "<group>"; };
		8AE08A791F2580D00024E9B7 /* UDrawManager.swift */ = {isa = PBXFileReference; fileEncoding = 4; lastKnownFileType = sourcecode.swift; path = UDrawManager.swift; sourceTree = "<group>"; };
		8AE08A7A1F2580D00024E9B7 /* UDraw.swift */ = {isa = PBXFileReference; fileEncoding = 4; lastKnownFileType = sourcecode.swift; path = UDraw.swift; sourceTree = "<group>"; };
		8AE08A7B1F2580D00024E9B7 /* UImageView.swift */ = {isa = PBXFileReference; fileEncoding = 4; lastKnownFileType = sourcecode.swift; path = UImageView.swift; sourceTree = "<group>"; };
		8AE08A7C1F2580D00024E9B7 /* UListItem.swift */ = {isa = PBXFileReference; fileEncoding = 4; lastKnownFileType = sourcecode.swift; path = UListItem.swift; sourceTree = "<group>"; };
		8AE08A7D1F2580D00024E9B7 /* UListView.swift */ = {isa = PBXFileReference; fileEncoding = 4; lastKnownFileType = sourcecode.swift; path = UListView.swift; sourceTree = "<group>"; };
		8AE08A7E1F2580D00024E9B7 /* URect.swift */ = {isa = PBXFileReference; fileEncoding = 4; lastKnownFileType = sourcecode.swift; path = URect.swift; sourceTree = "<group>"; };
		8AE08A7F1F2580D00024E9B7 /* UView.swift */ = {isa = PBXFileReference; fileEncoding = 4; lastKnownFileType = sourcecode.swift; path = UView.swift; sourceTree = "<group>"; };
		8AE08A811F2580D00024E9B7 /* UDialogWindow.swift */ = {isa = PBXFileReference; fileEncoding = 4; lastKnownFileType = sourcecode.swift; path = UDialogWindow.swift; sourceTree = "<group>"; };
		8AE08A821F2580D00024E9B7 /* ULogWindow.swift */ = {isa = PBXFileReference; fileEncoding = 4; lastKnownFileType = sourcecode.swift; path = ULogWindow.swift; sourceTree = "<group>"; };
		8AE08A831F2580D00024E9B7 /* UPopupWindow.swift */ = {isa = PBXFileReference; fileEncoding = 4; lastKnownFileType = sourcecode.swift; path = UPopupWindow.swift; sourceTree = "<group>"; };
		8AE08A841F2580D00024E9B7 /* UWindow.swift */ = {isa = PBXFileReference; fileEncoding = 4; lastKnownFileType = sourcecode.swift; path = UWindow.swift; sourceTree = "<group>"; };
		8AE08AA21F2580D70024E9B7 /* EnumEnumerable.swift */ = {isa = PBXFileReference; fileEncoding = 4; lastKnownFileType = sourcecode.swift; path = EnumEnumerable.swift; sourceTree = "<group>"; };
		8AE08AA31F2580D70024E9B7 /* List.swift */ = {isa = PBXFileReference; fileEncoding = 4; lastKnownFileType = sourcecode.swift; path = List.swift; sourceTree = "<group>"; };
		8AE08AA41F2580D70024E9B7 /* MyUserDefault.swift */ = {isa = PBXFileReference; fileEncoding = 4; lastKnownFileType = sourcecode.swift; path = MyUserDefault.swift; sourceTree = "<group>"; };
		8AE08AA51F2580D70024E9B7 /* NanoTimer.swift */ = {isa = PBXFileReference; fileEncoding = 4; lastKnownFileType = sourcecode.swift; path = NanoTimer.swift; sourceTree = "<group>"; };
		8AE08AA61F2580D70024E9B7 /* Random.swift */ = {isa = PBXFileReference; fileEncoding = 4; lastKnownFileType = sourcecode.swift; path = Random.swift; sourceTree = "<group>"; };
		8AE08AA71F2580D70024E9B7 /* RefDictionary.swift */ = {isa = PBXFileReference; fileEncoding = 4; lastKnownFileType = sourcecode.swift; path = RefDictionary.swift; sourceTree = "<group>"; };
		8AE08AA81F2580D70024E9B7 /* UColor.swift */ = {isa = PBXFileReference; fileEncoding = 4; lastKnownFileType = sourcecode.swift; path = UColor.swift; sourceTree = "<group>"; };
		8AE08AA91F2580D70024E9B7 /* UDebug.swift */ = {isa = PBXFileReference; fileEncoding = 4; lastKnownFileType = sourcecode.swift; path = UDebug.swift; sourceTree = "<group>"; };
		8AE08AAA1F2580D70024E9B7 /* UDpi.swift */ = {isa = PBXFileReference; fileEncoding = 4; lastKnownFileType = sourcecode.swift; path = UDpi.swift; sourceTree = "<group>"; };
		8AE08AAB1F2580D70024E9B7 /* UIViewUtil.swift */ = {isa = PBXFileReference; fileEncoding = 4; lastKnownFileType = sourcecode.swift; path = UIViewUtil.swift; sourceTree = "<group>"; };
		8AE08AAC1F2580D70024E9B7 /* ULog.swift */ = {isa = PBXFileReference; fileEncoding = 4; lastKnownFileType = sourcecode.swift; path = ULog.swift; sourceTree = "<group>"; };
		8AE08AAD1F2580D70024E9B7 /* UResourceManager.swift */ = {isa = PBXFileReference; fileEncoding = 4; lastKnownFileType = sourcecode.swift; path = UResourceManager.swift; sourceTree = "<group>"; };
		8AE08AAE1F2580D70024E9B7 /* UUtil.swift */ = {isa = PBXFileReference; fileEncoding = 4; lastKnownFileType = sourcecode.swift; path = UUtil.swift; sourceTree = "<group>"; };
		8AE08ABD1F2580E00024E9B7 /* CGRect+U.swift */ = {isa = PBXFileReference; fileEncoding = 4; lastKnownFileType = sourcecode.swift; path = "CGRect+U.swift"; sourceTree = "<group>"; };
		8AE08ABE1F2580E00024E9B7 /* UIColor+ex.swift */ = {isa = PBXFileReference; fileEncoding = 4; lastKnownFileType = sourcecode.swift; path = "UIColor+ex.swift"; sourceTree = "<group>"; };
		8AF5E9F71F2EC009008D8508 /* Int+ex.swift */ = {isa = PBXFileReference; fileEncoding = 4; lastKnownFileType = sourcecode.swift; path = "Int+ex.swift"; sourceTree = "<group>"; };
		8AF5E9FA1F2ED31E008D8508 /* PresetBook.swift */ = {isa = PBXFileReference; fileEncoding = 4; lastKnownFileType = sourcecode.swift; name = PresetBook.swift; path = PresetBook/PresetBook.swift; sourceTree = "<group>"; };
		8AF5E9FC1F2ED331008D8508 /* PresetCard.swift */ = {isa = PBXFileReference; fileEncoding = 4; lastKnownFileType = sourcecode.swift; name = PresetCard.swift; path = PresetBook/PresetCard.swift; sourceTree = "<group>"; };
		8AF5E9FE1F2ED344008D8508 /* PresetBookManager.swift */ = {isa = PBXFileReference; fileEncoding = 4; lastKnownFileType = sourcecode.swift; name = PresetBookManager.swift; path = PresetBook/PresetBookManager.swift; sourceTree = "<group>"; };
		8AF781771F1F3E4400FC4EF2 /* TangoBook.app */ = {isa = PBXFileReference; explicitFileType = wrapper.application; includeInIndex = 0; path = TangoBook.app; sourceTree = BUILT_PRODUCTS_DIR; };
		8AF7817A1F1F3E4400FC4EF2 /* AppDelegate.swift */ = {isa = PBXFileReference; lastKnownFileType = sourcecode.swift; path = AppDelegate.swift; sourceTree = "<group>"; };
		8AF7817C1F1F3E4400FC4EF2 /* ViewController.swift */ = {isa = PBXFileReference; lastKnownFileType = sourcecode.swift; name = ViewController.swift; path = TangoBook/ViewController.swift; sourceTree = "<group>"; };
		8AF781811F1F3E4400FC4EF2 /* Assets.xcassets */ = {isa = PBXFileReference; lastKnownFileType = folder.assetcatalog; path = Assets.xcassets; sourceTree = "<group>"; };
		8AF781861F1F3E4400FC4EF2 /* Info.plist */ = {isa = PBXFileReference; lastKnownFileType = text.plist.xml; path = Info.plist; sourceTree = "<group>"; };
		8AF781971F1F445500FC4EF2 /* BackupFile.swift */ = {isa = PBXFileReference; fileEncoding = 4; lastKnownFileType = sourcecode.swift; name = BackupFile.swift; path = TangoBook/Database/BackupFile.swift; sourceTree = "<group>"; };
		8AF781981F1F445500FC4EF2 /* BackupFileDao.swift */ = {isa = PBXFileReference; fileEncoding = 4; lastKnownFileType = sourcecode.swift; name = BackupFileDao.swift; path = TangoBook/Database/BackupFileDao.swift; sourceTree = "<group>"; };
		8AF781991F1F445500FC4EF2 /* TangoBook.swift */ = {isa = PBXFileReference; fileEncoding = 4; lastKnownFileType = sourcecode.swift; name = TangoBook.swift; path = TangoBook/Database/TangoBook.swift; sourceTree = "<group>"; };
		8AF7819A1F1F445500FC4EF2 /* TangoBookDao.swift */ = {isa = PBXFileReference; fileEncoding = 4; lastKnownFileType = sourcecode.swift; name = TangoBookDao.swift; path = TangoBook/Database/TangoBookDao.swift; sourceTree = "<group>"; };
		8AF7819B1F1F445500FC4EF2 /* TangoBookHistory.swift */ = {isa = PBXFileReference; fileEncoding = 4; lastKnownFileType = sourcecode.swift; name = TangoBookHistory.swift; path = TangoBook/Database/TangoBookHistory.swift; sourceTree = "<group>"; };
		8AF7819C1F1F445500FC4EF2 /* TangoBookHistoryDao.swift */ = {isa = PBXFileReference; fileEncoding = 4; lastKnownFileType = sourcecode.swift; name = TangoBookHistoryDao.swift; path = TangoBook/Database/TangoBookHistoryDao.swift; sourceTree = "<group>"; };
		8AF7819D1F1F445500FC4EF2 /* TangoCard.swift */ = {isa = PBXFileReference; fileEncoding = 4; lastKnownFileType = sourcecode.swift; name = TangoCard.swift; path = TangoBook/Database/TangoCard.swift; sourceTree = "<group>"; };
		8AF7819E1F1F445500FC4EF2 /* TangoCardDao.swift */ = {isa = PBXFileReference; fileEncoding = 4; lastKnownFileType = sourcecode.swift; name = TangoCardDao.swift; path = TangoBook/Database/TangoCardDao.swift; sourceTree = "<group>"; };
		8AF7819F1F1F445500FC4EF2 /* TangoCardHistory.swift */ = {isa = PBXFileReference; fileEncoding = 4; lastKnownFileType = sourcecode.swift; name = TangoCardHistory.swift; path = TangoBook/Database/TangoCardHistory.swift; sourceTree = "<group>"; };
		8AF781A01F1F445500FC4EF2 /* TangoCardHistoryDao.swift */ = {isa = PBXFileReference; fileEncoding = 4; lastKnownFileType = sourcecode.swift; name = TangoCardHistoryDao.swift; path = TangoBook/Database/TangoCardHistoryDao.swift; sourceTree = "<group>"; };
		8AF781A21F1F445500FC4EF2 /* TangoItemPos.swift */ = {isa = PBXFileReference; fileEncoding = 4; lastKnownFileType = sourcecode.swift; name = TangoItemPos.swift; path = TangoBook/Database/TangoItemPos.swift; sourceTree = "<group>"; };
		8AF781A31F1F445500FC4EF2 /* TangoItemPosDao.swift */ = {isa = PBXFileReference; fileEncoding = 4; lastKnownFileType = sourcecode.swift; name = TangoItemPosDao.swift; path = TangoBook/Database/TangoItemPosDao.swift; sourceTree = "<group>"; };
		8AF781A41F1F445500FC4EF2 /* TangoStudiedCard.swift */ = {isa = PBXFileReference; fileEncoding = 4; lastKnownFileType = sourcecode.swift; name = TangoStudiedCard.swift; path = TangoBook/Database/TangoStudiedCard.swift; sourceTree = "<group>"; };
		8AF781A51F1F445500FC4EF2 /* TangoStudiedCardDao.swift */ = {isa = PBXFileReference; fileEncoding = 4; lastKnownFileType = sourcecode.swift; name = TangoStudiedCardDao.swift; path = TangoBook/Database/TangoStudiedCardDao.swift; sourceTree = "<group>"; };
		8AF781B51F1F44B400FC4EF2 /* TangoItem.swift */ = {isa = PBXFileReference; fileEncoding = 4; lastKnownFileType = sourcecode.swift; name = TangoItem.swift; path = TangoBook/Database/TangoItem.swift; sourceTree = "<group>"; };
		B93DB6A934CFEA16085A6BCC /* Pods-TangoBook.release.xcconfig */ = {isa = PBXFileReference; includeInIndex = 1; lastKnownFileType = text.xcconfig; name = "Pods-TangoBook.release.xcconfig"; path = "Pods/Target Support Files/Pods-TangoBook/Pods-TangoBook.release.xcconfig"; sourceTree = "<group>"; };
		CA212E7C4C2081D94D0D67CB /* Pods-TangoBook.debug.xcconfig */ = {isa = PBXFileReference; includeInIndex = 1; lastKnownFileType = text.xcconfig; name = "Pods-TangoBook.debug.xcconfig"; path = "Pods/Target Support Files/Pods-TangoBook/Pods-TangoBook.debug.xcconfig"; sourceTree = "<group>"; };
/* End PBXFileReference section */

/* Begin PBXFrameworksBuildPhase section */
		8AF781741F1F3E4400FC4EF2 /* Frameworks */ = {
			isa = PBXFrameworksBuildPhase;
			buildActionMask = 2147483647;
			files = (
				DCD7158FB5E17E3FE18914F6 /* Pods_TangoBook.framework in Frameworks */,
			);
			runOnlyForDeploymentPostprocessing = 0;
		};
/* End PBXFrameworksBuildPhase section */

/* Begin PBXGroup section */
		037DC09F254C313C21FD0F7D /* Frameworks */ = {
			isa = PBXGroup;
			children = (
				488C90E2B6610DFD29991F5E /* Pods_TangoBook.framework */,
			);
			name = Frameworks;
			sourceTree = "<group>";
		};
		8A0D6FAD1F319701002A1949 /* ViewController */ = {
			isa = PBXGroup;
			children = (
				8A0D6FAE1F319748002A1949 /* EditCardViewController.swift */,
				8A2584AE1F3209C3002EE9E2 /* EditCardViewController.xib */,
				8A0D6FB21F319765002A1949 /* EditBookViewController.swift */,
				8AB99D7F1F34210600497E4E /* EditBookViewController.xib */,
			);
			name = ViewController;
			sourceTree = "<group>";
		};
		8A85223E1F22512100B5B8A3 /* Test */ = {
			isa = PBXGroup;
			children = (
				8A85223F1F22514300B5B8A3 /* TestDatabase.swift */,
			);
			name = Test;
			sourceTree = "<group>";
		};
		8A8522411F22516F00B5B8A3 /* ViewControllerDB */ = {
			isa = PBXGroup;
			children = (
				8AE089FB1F24677D0024E9B7 /* UNViewController.swift */,
				8AF7817C1F1F3E4400FC4EF2 /* ViewController.swift */,
				8A8522461F22539800B5B8A3 /* ViewController.xib */,
				8AB7E9161F258764005E36BB /* TestDBTopViewController.swift */,
				8AB7E9171F258764005E36BB /* TestDBTopViewController.xib */,
				8A8522421F22533000B5B8A3 /* TestDBViewController.swift */,
				8A8522431F22533000B5B8A3 /* TestDBViewController.xib */,
				8AE08A011F24B98E0024E9B7 /* TestDB2ViewController.swift */,
				8AE08A021F24B98E0024E9B7 /* TestDB2ViewController.xib */,
				8AE08A051F24B9A20024E9B7 /* TestDB3ViewController.swift */,
				8AE08A061F24B9A20024E9B7 /* TestDB3ViewController.xib */,
				8AE08A091F24BA010024E9B7 /* TestDB4ViewController.swift */,
				8AE08A0A1F24BA010024E9B7 /* TestDB4ViewController.xib */,
				8AE08A0D1F24BA1C0024E9B7 /* TestDB5ViewController.swift */,
				8AE08A0E1F24BA1C0024E9B7 /* TestDB5ViewController.xib */,
				8AE08A111F24BA310024E9B7 /* TestDB6ViewController.swift */,
				8AE08A121F24BA310024E9B7 /* TestDB6ViewController.xib */,
			);
			name = ViewControllerDB;
			path = ..;
			sourceTree = "<group>";
		};
		8AB7E8F81F2582C0005E36BB /* View */ = {
			isa = PBXGroup;
			children = (
				8AB7E8F91F2582C0005E36BB /* TopView.swift */,
				8AB7E9211F258A1B005E36BB /* TestGuiView.swift */,
				8AB7E96D1F25E1D0005E36BB /* TangoTopView.swift */,
			);
			path = View;
			sourceTree = "<group>";
		};
		8AB7E8FD1F2583F4005E36BB /* PageView */ = {
			isa = PBXGroup;
			children = (
				8AB7E9061F2583F4005E36BB /* PageViewTest.swift */,
				8AB7E9071F2583F4005E36BB /* UPageView.swift */,
				8AB7E9081F2583F4005E36BB /* UPageViewManager.swift */,
			);
			path = PageView;
			sourceTree = "<group>";
		};
		8AB7E91A1F258808005E36BB /* ViewControllerGUI */ = {
			isa = PBXGroup;
			children = (
				8AB7E91D1F258873005E36BB /* TestGuiTopViewController.swift */,
				8AB7E91E1F258873005E36BB /* TestGuiTopViewController.xib */,
			);
			name = ViewControllerGUI;
			sourceTree = "<group>";
		};
		8AB7E9231F259947005E36BB /* PageView */ = {
			isa = PBXGroup;
			children = (
				8AB7E9251F259991005E36BB /* PageViewTemplate.swift */,
				8AB7E9381F259FFF005E36BB /* Tango */,
				8AB7E9241F259991005E36BB /* PageViewManagerMain.swift */,
				8AB7E9661F25D29E005E36BB /* PageViewManagerTest1.swift */,
				8AB7E9261F259991005E36BB /* PageViewTest1.swift */,
				8AB7E9271F259991005E36BB /* PageViewTest2.swift */,
				8AB7E9281F259991005E36BB /* PageViewTest3.swift */,
				8AB7E9291F259991005E36BB /* PageViewTest4.swift */,
				8AB7E92A1F259991005E36BB /* PageViewTest5.swift */,
				8AB7E92B1F259991005E36BB /* PageViewTest6.swift */,
			);
			name = PageView;
			sourceTree = "<group>";
		};
		8AB7E9381F259FFF005E36BB /* Tango */ = {
			isa = PBXGroup;
			children = (
				8AB7E9391F25A00F005E36BB /* PageViewBackup.swift */,
				8AB7E93A1F25A00F005E36BB /* PageViewCsvBook.swift */,
				8AB7E93B1F25A00F005E36BB /* PageViewDebug.swift */,
				8AB7E93C1F25A00F005E36BB /* PageViewDebugDB.swift */,
				8AB7E93D1F25A00F005E36BB /* PageViewHelp.swift */,
				8AB7E93E1F25A00F005E36BB /* PageViewHistory.swift */,
				8AB7E93F1F25A00F005E36BB /* PageViewOptions.swift */,
				8AB7E9401F25A00F005E36BB /* PageViewPresetBook.swift */,
				8AB7E9471F25A00F005E36BB /* PageViewStudyInputCorrect.swift */,
				8AB7E9411F25A00F005E36BB /* PageViewRestore.swift */,
				8AB7E9421F25A00F005E36BB /* PageViewResult.swift */,
				8AB7E9431F25A00F005E36BB /* PageViewSettingsTop.swift */,
				8AB7E9441F25A00F005E36BB /* PageViewStudySlide.swift */,
				8AB7E9451F25A00F005E36BB /* PageViewStudy.swift */,
				8AB7E9461F25A00F005E36BB /* PageViewStudyBookSelect.swift */,
				8AB7E9481F25A00F005E36BB /* PageViewStudySelect4.swift */,
				8AB7E95D1F25A2AF005E36BB /* PageViewTitle.swift */,
				8AB7E9491F25A00F005E36BB /* PageViewTangoEdit.swift */,
			);
			name = Tango;
			sourceTree = "<group>";
		};
		8AB7E96F1F278CB7005E36BB /* Icon */ = {
			isa = PBXGroup;
			children = (
				8AB7E9701F278CE2005E36BB /* UIcon.swift */,
				8AB7E9721F278DC7005E36BB /* IconBook.swift */,
				8AB7E9731F278DC7005E36BB /* IconCard.swift */,
				8AB7E9741F278DC7005E36BB /* IconContainer.swift */,
				8AB7E9751F278DC7005E36BB /* IconTrash.swift */,
				8AB7E9761F278DC7005E36BB /* UIconBlockManager.swift */,
				8AB7E9771F278DC7005E36BB /* UIconManager.swift */,
				8AB7E9781F278DC7005E36BB /* UIconWindow.swift */,
				8AB7E9791F278DC7005E36BB /* UIconWindows.swift */,
				8AB7E97A1F278DC7005E36BB /* UIconWindowSub.swift */,
				8AD631391F2B941B0067B57E /* IconInfoDialog.swift */,
				8AD6313B1F2B94CE0067B57E /* IconInfoDialogCard.swift */,
				8AD6313D1F2B96540067B57E /* IconInfoDialogBook.swift */,
				8AD6313F1F2B97450067B57E /* IconInfoDialogInTrash.swift */,
			);
			name = Icon;
			sourceTree = "<group>";
		};
		8AD631361F2B93500067B57E /* TangoEdit */ = {
			isa = PBXGroup;
			children = (
				8AD631371F2B93780067B57E /* MenuBarTangoEdit.swift */,
			);
			name = TangoEdit;
			sourceTree = "<group>";
		};
		8AE08A601F2580D00024E9B7 /* UGui */ = {
			isa = PBXGroup;
			children = (
				8AB7E8FD1F2583F4005E36BB /* PageView */,
				8AE08A611F2580D00024E9B7 /* Button */,
				8AE08A661F2580D00024E9B7 /* ListView */,
				8AE08A681F2580D00024E9B7 /* Menu */,
				8AE08A6C1F2580D00024E9B7 /* Primitive */,
				8AE08A6E1F2580D00024E9B7 /* ScrollBar */,
				8AE08A701F2580D00024E9B7 /* Text */,
				8AE08A731F2580D00024E9B7 /* UAlignment.swift */,
				8AE08A741F2580D00024E9B7 /* UDraw */,
				8AE08A7A1F2580D00024E9B7 /* UDraw.swift */,
				8AE08A7B1F2580D00024E9B7 /* UImageView.swift */,
				8AE08A7C1F2580D00024E9B7 /* UListItem.swift */,
				8AE08A7D1F2580D00024E9B7 /* UListView.swift */,
				8AB7E8FB1F258384005E36BB /* ViewTouch.swift */,
				8AE08A7E1F2580D00024E9B7 /* URect.swift */,
				8AE08A7F1F2580D00024E9B7 /* UView.swift */,
				8AE08A801F2580D00024E9B7 /* Window */,
			);
			path = UGui;
			sourceTree = "<group>";
		};
		8AE08A611F2580D00024E9B7 /* Button */ = {
			isa = PBXGroup;
			children = (
				8AE08A621F2580D00024E9B7 /* UButton.swift */,
				8AE08A631F2580D00024E9B7 /* UButtonClose.swift */,
				8AE08A641F2580D00024E9B7 /* UButtonImage.swift */,
				8AE08A651F2580D00024E9B7 /* UButtonText.swift */,
			);
			path = Button;
			sourceTree = "<group>";
		};
		8AE08A661F2580D00024E9B7 /* ListView */ = {
			isa = PBXGroup;
			children = (
				8AE08A671F2580D00024E9B7 /* ListItemTest1.swift */,
			);
			path = ListView;
			sourceTree = "<group>";
		};
		8AE08A681F2580D00024E9B7 /* Menu */ = {
			isa = PBXGroup;
			children = (
				8AE08A691F2580D00024E9B7 /* MenuBarTest1.swift */,
				8AE08A6A1F2580D00024E9B7 /* UMenuBar.swift */,
				8AE08A6B1F2580D00024E9B7 /* UMenuItem.swift */,
			);
			path = Menu;
			sourceTree = "<group>";
		};
		8AE08A6C1F2580D00024E9B7 /* Primitive */ = {
			isa = PBXGroup;
			children = (
				8AE08A6D1F2580D00024E9B7 /* UCircle.swift */,
			);
			path = Primitive;
			sourceTree = "<group>";
		};
		8AE08A6E1F2580D00024E9B7 /* ScrollBar */ = {
			isa = PBXGroup;
			children = (
				8AE08A6F1F2580D00024E9B7 /* UScrollBar.swift */,
			);
			path = ScrollBar;
			sourceTree = "<group>";
		};
		8AE08A701F2580D00024E9B7 /* Text */ = {
			isa = PBXGroup;
			children = (
				8AE08A711F2580D00024E9B7 /* UTextView.swift */,
				8AE08A721F2580D00024E9B7 /* UTextViewOpenClose.swift */,
			);
			path = Text;
			sourceTree = "<group>";
		};
		8AE08A741F2580D00024E9B7 /* UDraw */ = {
			isa = PBXGroup;
			children = (
				8AE08A751F2580D00024E9B7 /* DrawList.swift */,
				8AE08A761F2580D00024E9B7 /* DrawPriority.swift */,
				8AE08A771F2580D00024E9B7 /* UDrawable.swift */,
				8AE08A781F2580D00024E9B7 /* UDrawableRect.swift */,
				8AE08A791F2580D00024E9B7 /* UDrawManager.swift */,
			);
			path = UDraw;
			sourceTree = "<group>";
		};
		8AE08A801F2580D00024E9B7 /* Window */ = {
			isa = PBXGroup;
			children = (
				8AB7E9141F258463005E36BB /* UScrollWindow.swift */,
				8AE08A811F2580D00024E9B7 /* UDialogWindow.swift */,
				8AE08A821F2580D00024E9B7 /* ULogWindow.swift */,
				8AE08A831F2580D00024E9B7 /* UPopupWindow.swift */,
				8AE08A841F2580D00024E9B7 /* UWindow.swift */,
			);
			path = Window;
			sourceTree = "<group>";
		};
		8AE08AA11F2580D70024E9B7 /* UUtil */ = {
			isa = PBXGroup;
			children = (
				8AE08AA21F2580D70024E9B7 /* EnumEnumerable.swift */,
				8AE08AA31F2580D70024E9B7 /* List.swift */,
				8AE08AA41F2580D70024E9B7 /* MyUserDefault.swift */,
				8AE08AA51F2580D70024E9B7 /* NanoTimer.swift */,
				8AE08AA61F2580D70024E9B7 /* Random.swift */,
				8AE08AA71F2580D70024E9B7 /* RefDictionary.swift */,
				8AE08AA81F2580D70024E9B7 /* UColor.swift */,
				8AE08AA91F2580D70024E9B7 /* UDebug.swift */,
				8AE08AAA1F2580D70024E9B7 /* UDpi.swift */,
				8AE08AAB1F2580D70024E9B7 /* UIViewUtil.swift */,
				8AE08AAC1F2580D70024E9B7 /* ULog.swift */,
				8AE08AAD1F2580D70024E9B7 /* UResourceManager.swift */,
				8AE08AAE1F2580D70024E9B7 /* UUtil.swift */,
				8A0D6FA01F317618002A1949 /* UFileManager.swift */,
			);
			path = UUtil;
			sourceTree = "<group>";
		};
		8AE08ABC1F2580E00024E9B7 /* Extension */ = {
			isa = PBXGroup;
			children = (
				8AE08ABD1F2580E00024E9B7 /* CGRect+U.swift */,
				8AE08ABE1F2580E00024E9B7 /* UIColor+ex.swift */,
				8AA3B5061F29B1F100AE445E /* UIImage+ex.swift */,
				8AF5E9F71F2EC009008D8508 /* Int+ex.swift */,
			);
			path = Extension;
			sourceTree = "<group>";
		};
		8AF5E9F91F2ED2FA008D8508 /* PresetBook */ = {
			isa = PBXGroup;
			children = (
				8AF5E9FA1F2ED31E008D8508 /* PresetBook.swift */,
				8AF5E9FC1F2ED331008D8508 /* PresetCard.swift */,
				8AF5E9FE1F2ED344008D8508 /* PresetBookManager.swift */,
				8A0D6F8F1F306587002A1949 /* CsvParser.swift */,
			);
			name = PresetBook;
			sourceTree = "<group>";
		};
		8AF7816E1F1F3E4400FC4EF2 = {
			isa = PBXGroup;
			children = (
				8AB7E9631F25B43E005E36BB /* Localizable.strings */,
				8AB7E8F41F2581EF005E36BB /* Resource */,
				8AE08ABC1F2580E00024E9B7 /* Extension */,
				8AE08AA11F2580D70024E9B7 /* UUtil */,
				8AE08A601F2580D00024E9B7 /* UGui */,
				8AF7818E1F1F41F600FC4EF2 /* Database */,
				8AF781791F1F3E4400FC4EF2 /* TangoBook */,
				8AF781781F1F3E4400FC4EF2 /* Products */,
				C0779866DB07D3F513070CF2 /* Pods */,
				037DC09F254C313C21FD0F7D /* Frameworks */,
			);
			sourceTree = "<group>";
		};
		8AF781781F1F3E4400FC4EF2 /* Products */ = {
			isa = PBXGroup;
			children = (
				8AF781771F1F3E4400FC4EF2 /* TangoBook.app */,
			);
			name = Products;
			sourceTree = "<group>";
		};
		8AF781791F1F3E4400FC4EF2 /* TangoBook */ = {
			isa = PBXGroup;
			children = (
				8AF5E9F91F2ED2FA008D8508 /* PresetBook */,
				8AD631361F2B93500067B57E /* TangoEdit */,
				8AA3B5081F29B4F500AE445E /* TangoEnums.swift */,
				8AB7E96F1F278CB7005E36BB /* Icon */,
				8AB7E9231F259947005E36BB /* PageView */,
				8AB7E8F61F25824C005E36BB /* ImageName.swift */,
				8AB7E8F81F2582C0005E36BB /* View */,
				8A0D6FAD1F319701002A1949 /* ViewController */,
				8A8522411F22516F00B5B8A3 /* ViewControllerDB */,
				8AB7E91A1F258808005E36BB /* ViewControllerGUI */,
				8AF7817A1F1F3E4400FC4EF2 /* AppDelegate.swift */,
				8AB7E9691F25E12E005E36BB /* TopViewController.swift */,
				8AB7E96A1F25E12E005E36BB /* TopViewController.xib */,
				8AF781811F1F3E4400FC4EF2 /* Assets.xcassets */,
				8AF781861F1F3E4400FC4EF2 /* Info.plist */,
			);
			path = TangoBook;
			sourceTree = "<group>";
		};
		8AF7818E1F1F41F600FC4EF2 /* Database */ = {
			isa = PBXGroup;
			children = (
				8A85223E1F22512100B5B8A3 /* Test */,
				8AF781971F1F445500FC4EF2 /* BackupFile.swift */,
				8AF781981F1F445500FC4EF2 /* BackupFileDao.swift */,
				8AF7819E1F1F445500FC4EF2 /* TangoCardDao.swift */,
				8AF7819A1F1F445500FC4EF2 /* TangoBookDao.swift */,
				8AF781A31F1F445500FC4EF2 /* TangoItemPosDao.swift */,
				8AF7819C1F1F445500FC4EF2 /* TangoBookHistoryDao.swift */,
				8A0D6FB61F31A47A002A1949 /* TangoBackupFileDao.swift */,
				8AF781A01F1F445500FC4EF2 /* TangoCardHistoryDao.swift */,
				8AF781A51F1F445500FC4EF2 /* TangoStudiedCardDao.swift */,
				8AF7819D1F1F445500FC4EF2 /* TangoCard.swift */,
				8AF781991F1F445500FC4EF2 /* TangoBook.swift */,
				8AF781A21F1F445500FC4EF2 /* TangoItemPos.swift */,
				8AF7819B1F1F445500FC4EF2 /* TangoBookHistory.swift */,
				8AF7819F1F1F445500FC4EF2 /* TangoCardHistory.swift */,
				8AF781A41F1F445500FC4EF2 /* TangoStudiedCard.swift */,
				8AF781B51F1F44B400FC4EF2 /* TangoItem.swift */,
				8A6DA4E31F346D29000F4057 /* URealmManager.swift */,
			);
			name = Database;
			sourceTree = "<group>";
		};
		C0779866DB07D3F513070CF2 /* Pods */ = {
			isa = PBXGroup;
			children = (
				CA212E7C4C2081D94D0D67CB /* Pods-TangoBook.debug.xcconfig */,
				B93DB6A934CFEA16085A6BCC /* Pods-TangoBook.release.xcconfig */,
			);
			name = Pods;
			sourceTree = "<group>";
		};
/* End PBXGroup section */

/* Begin PBXNativeTarget section */
		8AF781761F1F3E4400FC4EF2 /* TangoBook */ = {
			isa = PBXNativeTarget;
			buildConfigurationList = 8AF781891F1F3E4400FC4EF2 /* Build configuration list for PBXNativeTarget "TangoBook" */;
			buildPhases = (
				572B6C518A0FDDFC6149F284 /* [CP] Check Pods Manifest.lock */,
				8AF781731F1F3E4400FC4EF2 /* Sources */,
				8AF781741F1F3E4400FC4EF2 /* Frameworks */,
				8AF781751F1F3E4400FC4EF2 /* Resources */,
				248EFBC333D530DDE3177538 /* [CP] Embed Pods Frameworks */,
				80017A07D26A23E7FD33760F /* [CP] Copy Pods Resources */,
			);
			buildRules = (
			);
			dependencies = (
			);
			name = TangoBook;
			productName = TangoBook;
			productReference = 8AF781771F1F3E4400FC4EF2 /* TangoBook.app */;
			productType = "com.apple.product-type.application";
		};
/* End PBXNativeTarget section */

/* Begin PBXProject section */
		8AF7816F1F1F3E4400FC4EF2 /* Project object */ = {
			isa = PBXProject;
			attributes = {
				LastSwiftUpdateCheck = 0820;
				LastUpgradeCheck = 0820;
				ORGANIZATIONNAME = "Sun Sun Soft";
				TargetAttributes = {
					8AF781761F1F3E4400FC4EF2 = {
						CreatedOnToolsVersion = 8.2.1;
						LastSwiftMigration = 0820;
						ProvisioningStyle = Automatic;
					};
				};
			};
			buildConfigurationList = 8AF781721F1F3E4400FC4EF2 /* Build configuration list for PBXProject "TangoBook" */;
			compatibilityVersion = "Xcode 3.2";
			developmentRegion = English;
			hasScannedForEncodings = 0;
			knownRegions = (
				en,
				Base,
				ja,
			);
			mainGroup = 8AF7816E1F1F3E4400FC4EF2;
			productRefGroup = 8AF781781F1F3E4400FC4EF2 /* Products */;
			projectDirPath = "";
			projectRoot = "";
			targets = (
				8AF781761F1F3E4400FC4EF2 /* TangoBook */,
			);
		};
/* End PBXProject section */

/* Begin PBXResourcesBuildPhase section */
		8AF781751F1F3E4400FC4EF2 /* Resources */ = {
			isa = PBXResourcesBuildPhase;
			buildActionMask = 2147483647;
			files = (
				8AB7E8F51F2581EF005E36BB /* Resource in Resources */,
				8AB7E9611F25B43E005E36BB /* Localizable.strings in Resources */,
				8A8522471F22539800B5B8A3 /* ViewController.xib in Resources */,
				8AB7E96C1F25E12E005E36BB /* TopViewController.xib in Resources */,
				8AE08A041F24B98E0024E9B7 /* TestDB2ViewController.xib in Resources */,
				8AB7E9201F258873005E36BB /* TestGuiTopViewController.xib in Resources */,
				8AE08A101F24BA1C0024E9B7 /* TestDB5ViewController.xib in Resources */,
				8AF781821F1F3E4400FC4EF2 /* Assets.xcassets in Resources */,
				8AB99D7D1F34210600497E4E /* EditBookViewController.xib in Resources */,
				8AE08A081F24B9A20024E9B7 /* TestDB3ViewController.xib in Resources */,
				8AE08A141F24BA310024E9B7 /* TestDB6ViewController.xib in Resources */,
				8A8522451F22533000B5B8A3 /* TestDBViewController.xib in Resources */,
				8AB7E9191F258764005E36BB /* TestDBTopViewController.xib in Resources */,
				8A2584AC1F3209C3002EE9E2 /* EditCardViewController.xib in Resources */,
				8AE08A0C1F24BA010024E9B7 /* TestDB4ViewController.xib in Resources */,
			);
			runOnlyForDeploymentPostprocessing = 0;
		};
/* End PBXResourcesBuildPhase section */

/* Begin PBXShellScriptBuildPhase section */
		248EFBC333D530DDE3177538 /* [CP] Embed Pods Frameworks */ = {
			isa = PBXShellScriptBuildPhase;
			buildActionMask = 2147483647;
			files = (
			);
			inputPaths = (
			);
			name = "[CP] Embed Pods Frameworks";
			outputPaths = (
			);
			runOnlyForDeploymentPostprocessing = 0;
			shellPath = /bin/sh;
			shellScript = "\"${SRCROOT}/Pods/Target Support Files/Pods-TangoBook/Pods-TangoBook-frameworks.sh\"\n";
			showEnvVarsInLog = 0;
		};
		572B6C518A0FDDFC6149F284 /* [CP] Check Pods Manifest.lock */ = {
			isa = PBXShellScriptBuildPhase;
			buildActionMask = 2147483647;
			files = (
			);
			inputPaths = (
			);
			name = "[CP] Check Pods Manifest.lock";
			outputPaths = (
			);
			runOnlyForDeploymentPostprocessing = 0;
			shellPath = /bin/sh;
			shellScript = "diff \"${PODS_ROOT}/../Podfile.lock\" \"${PODS_ROOT}/Manifest.lock\" > /dev/null\nif [[ $? != 0 ]] ; then\n    cat << EOM\nerror: The sandbox is not in sync with the Podfile.lock. Run 'pod install' or update your CocoaPods installation.\nEOM\n    exit 1\nfi\n";
			showEnvVarsInLog = 0;
		};
		80017A07D26A23E7FD33760F /* [CP] Copy Pods Resources */ = {
			isa = PBXShellScriptBuildPhase;
			buildActionMask = 2147483647;
			files = (
			);
			inputPaths = (
			);
			name = "[CP] Copy Pods Resources";
			outputPaths = (
			);
			runOnlyForDeploymentPostprocessing = 0;
			shellPath = /bin/sh;
			shellScript = "\"${SRCROOT}/Pods/Target Support Files/Pods-TangoBook/Pods-TangoBook-resources.sh\"\n";
			showEnvVarsInLog = 0;
		};
/* End PBXShellScriptBuildPhase section */

/* Begin PBXSourcesBuildPhase section */
		8AF781731F1F3E4400FC4EF2 /* Sources */ = {
			isa = PBXSourcesBuildPhase;
			buildActionMask = 2147483647;
			files = (
				8AF781A71F1F445500FC4EF2 /* BackupFileDao.swift in Sources */,
				8AE08A9F1F2580D00024E9B7 /* UPopupWindow.swift in Sources */,
				8AE08AB81F2580D70024E9B7 /* UIViewUtil.swift in Sources */,
				8AE08A8C1F2580D00024E9B7 /* UMenuItem.swift in Sources */,
				8AA3B5091F29B4F500AE445E /* TangoEnums.swift in Sources */,
				8AF781A91F1F445500FC4EF2 /* TangoBookDao.swift in Sources */,
				8AB7E94C1F25A00F005E36BB /* PageViewCsvBook.swift in Sources */,
				8AE08A921F2580D00024E9B7 /* DrawList.swift in Sources */,
				8AE08A871F2580D00024E9B7 /* UButtonImage.swift in Sources */,
				8AB7E96E1F25E1D0005E36BB /* TangoTopView.swift in Sources */,
				8A8522441F22533000B5B8A3 /* TestDBViewController.swift in Sources */,
				8AE08AB21F2580D70024E9B7 /* NanoTimer.swift in Sources */,
				8AB7E91F1F258873005E36BB /* TestGuiTopViewController.swift in Sources */,
				8AE08AB51F2580D70024E9B7 /* UColor.swift in Sources */,
				8AB7E94F1F25A00F005E36BB /* PageViewHelp.swift in Sources */,
				8AE08A9A1F2580D00024E9B7 /* UListView.swift in Sources */,
				8AB7E95E1F25A2AF005E36BB /* PageViewTitle.swift in Sources */,
				8AE08ABA1F2580D70024E9B7 /* UResourceManager.swift in Sources */,
				8AE08AB41F2580D70024E9B7 /* RefDictionary.swift in Sources */,
				8AD631401F2B97450067B57E /* IconInfoDialogInTrash.swift in Sources */,
				8AE08A981F2580D00024E9B7 /* UImageView.swift in Sources */,
				8AB7E8F71F25824C005E36BB /* ImageName.swift in Sources */,
				8AE08AB01F2580D70024E9B7 /* List.swift in Sources */,
				8AB7E8FA1F2582C0005E36BB /* TopView.swift in Sources */,
				8AE08ABB1F2580D70024E9B7 /* UUtil.swift in Sources */,
				8AB7E9591F25A00F005E36BB /* PageViewStudyInputCorrect.swift in Sources */,
				8AF781AB1F1F445500FC4EF2 /* TangoBookHistoryDao.swift in Sources */,
				8AE08A861F2580D00024E9B7 /* UButtonClose.swift in Sources */,
				8AB7E92E1F259991005E36BB /* PageViewTest1.swift in Sources */,
				8AB7E9531F25A00F005E36BB /* PageViewRestore.swift in Sources */,
				8A0D6FB01F319748002A1949 /* EditCardViewController.swift in Sources */,
				8AF5E9F81F2EC009008D8508 /* Int+ex.swift in Sources */,
				8A0D6F901F306587002A1949 /* CsvParser.swift in Sources */,
				8AF781B11F1F445500FC4EF2 /* TangoItemPos.swift in Sources */,
				8AF781AA1F1F445500FC4EF2 /* TangoBookHistory.swift in Sources */,
				8AE08A8A1F2580D00024E9B7 /* MenuBarTest1.swift in Sources */,
				8AE08A8D1F2580D00024E9B7 /* UCircle.swift in Sources */,
				8AE08A9E1F2580D00024E9B7 /* ULogWindow.swift in Sources */,
				8AB7E9221F258A1B005E36BB /* TestGuiView.swift in Sources */,
				8AB7E97F1F278DC7005E36BB /* UIconBlockManager.swift in Sources */,
				8AB7E97C1F278DC7005E36BB /* IconCard.swift in Sources */,
				8AE08AB91F2580D70024E9B7 /* ULog.swift in Sources */,
				8AB7E9821F278DC7005E36BB /* UIconWindows.swift in Sources */,
				8AF781A61F1F445500FC4EF2 /* BackupFile.swift in Sources */,
				8AE08AB11F2580D70024E9B7 /* MyUserDefault.swift in Sources */,
				8AB7E9181F258764005E36BB /* TestDBTopViewController.swift in Sources */,
				8A8522401F22514300B5B8A3 /* TestDatabase.swift in Sources */,
				8AF781B41F1F445500FC4EF2 /* TangoStudiedCardDao.swift in Sources */,
				8AE08AB71F2580D70024E9B7 /* UDpi.swift in Sources */,
				8AB7E94B1F25A00F005E36BB /* PageViewBackup.swift in Sources */,
				8AB7E9561F25A00F005E36BB /* PageViewStudySlide.swift in Sources */,
				8AE08A961F2580D00024E9B7 /* UDrawManager.swift in Sources */,
				8AE08A9C1F2580D00024E9B7 /* UView.swift in Sources */,
				8AF781AE1F1F445500FC4EF2 /* TangoCardHistory.swift in Sources */,
				8AE08A9D1F2580D00024E9B7 /* UDialogWindow.swift in Sources */,
				8A6DA4E41F346D29000F4057 /* URealmManager.swift in Sources */,
				8AE08A9B1F2580D00024E9B7 /* URect.swift in Sources */,
				8AE08AC01F2580E00024E9B7 /* UIColor+ex.swift in Sources */,
				8AB7E9131F2583F4005E36BB /* UPageViewManager.swift in Sources */,
				8AB7E9671F25D29E005E36BB /* PageViewManagerTest1.swift in Sources */,
				8AB7E92F1F259991005E36BB /* PageViewTest2.swift in Sources */,
				8AB7E9521F25A00F005E36BB /* PageViewPresetBook.swift in Sources */,
				8AB7E9801F278DC7005E36BB /* UIconManager.swift in Sources */,
				8A0D6FB41F319765002A1949 /* EditBookViewController.swift in Sources */,
				8AD6313C1F2B94CE0067B57E /* IconInfoDialogCard.swift in Sources */,
				8AB7E9321F259991005E36BB /* PageViewTest5.swift in Sources */,
				8AB7E9581F25A00F005E36BB /* PageViewStudyBookSelect.swift in Sources */,
				8AE08A881F2580D00024E9B7 /* UButtonText.swift in Sources */,
				8AB7E95B1F25A00F005E36BB /* PageViewTangoEdit.swift in Sources */,
				8AB7E9151F258463005E36BB /* UScrollWindow.swift in Sources */,
				8AE08A031F24B98E0024E9B7 /* TestDB2ViewController.swift in Sources */,
				8AE08AB61F2580D70024E9B7 /* UDebug.swift in Sources */,
				8AE08A8B1F2580D00024E9B7 /* UMenuBar.swift in Sources */,
				8AE08A071F24B9A20024E9B7 /* TestDB3ViewController.swift in Sources */,
				8AE08A891F2580D00024E9B7 /* ListItemTest1.swift in Sources */,
				8AE08A8E1F2580D00024E9B7 /* UScrollBar.swift in Sources */,
				8AF781B61F1F44B400FC4EF2 /* TangoItem.swift in Sources */,
				8AB7E97B1F278DC7005E36BB /* IconBook.swift in Sources */,
				8AB7E92C1F259991005E36BB /* PageViewManagerMain.swift in Sources */,
				8A0D6FA11F317618002A1949 /* UFileManager.swift in Sources */,
				8AF781B31F1F445500FC4EF2 /* TangoStudiedCard.swift in Sources */,
				8AD6313E1F2B96540067B57E /* IconInfoDialogBook.swift in Sources */,
				8AB7E9711F278CE2005E36BB /* UIcon.swift in Sources */,
				8AB7E9501F25A00F005E36BB /* PageViewHistory.swift in Sources */,
				8AB7E9541F25A00F005E36BB /* PageViewResult.swift in Sources */,
				8AB7E95A1F25A00F005E36BB /* PageViewStudySelect4.swift in Sources */,
				8AB7E97D1F278DC7005E36BB /* IconContainer.swift in Sources */,
				8AE08A0B1F24BA010024E9B7 /* TestDB4ViewController.swift in Sources */,
				8AE08AAF1F2580D70024E9B7 /* EnumEnumerable.swift in Sources */,
				8AD631381F2B93780067B57E /* MenuBarTangoEdit.swift in Sources */,
				8AE089FC1F24677D0024E9B7 /* UNViewController.swift in Sources */,
				8AB7E94E1F25A00F005E36BB /* PageViewDebugDB.swift in Sources */,
				8AF5E9FF1F2ED344008D8508 /* PresetBookManager.swift in Sources */,
				8AF5E9FD1F2ED332008D8508 /* PresetCard.swift in Sources */,
				8AB7E9551F25A00F005E36BB /* PageViewSettingsTop.swift in Sources */,
				8AB7E9121F2583F4005E36BB /* UPageView.swift in Sources */,
				8AE08A991F2580D00024E9B7 /* UListItem.swift in Sources */,
				8AB7E9311F259991005E36BB /* PageViewTest4.swift in Sources */,
				8AD6313A1F2B941B0067B57E /* IconInfoDialog.swift in Sources */,
				8AE08A931F2580D00024E9B7 /* DrawPriority.swift in Sources */,
				8AB7E9811F278DC7005E36BB /* UIconWindow.swift in Sources */,
				8AE08ABF1F2580E00024E9B7 /* CGRect+U.swift in Sources */,
				8AE08A901F2580D00024E9B7 /* UTextViewOpenClose.swift in Sources */,
				8AE08A971F2580D00024E9B7 /* UDraw.swift in Sources */,
				8AB7E9571F25A00F005E36BB /* PageViewStudy.swift in Sources */,
				8AB7E96B1F25E12E005E36BB /* TopViewController.swift in Sources */,
				8AE08A911F2580D00024E9B7 /* UAlignment.swift in Sources */,
				8AB7E9111F2583F4005E36BB /* PageViewTest.swift in Sources */,
				8AB7E8FC1F258384005E36BB /* ViewTouch.swift in Sources */,
				8AF7817D1F1F3E4400FC4EF2 /* ViewController.swift in Sources */,
				8AB7E97E1F278DC7005E36BB /* IconTrash.swift in Sources */,
				8AF781B21F1F445500FC4EF2 /* TangoItemPosDao.swift in Sources */,
				8A0D6FB71F31A47A002A1949 /* TangoBackupFileDao.swift in Sources */,
				8AF781AC1F1F445500FC4EF2 /* TangoCard.swift in Sources */,
				8AA3B5071F29B1F100AE445E /* UIImage+ex.swift in Sources */,
				8AE08A131F24BA310024E9B7 /* TestDB6ViewController.swift in Sources */,
				8AE08A8F1F2580D00024E9B7 /* UTextView.swift in Sources */,
				8AB7E9331F259991005E36BB /* PageViewTest6.swift in Sources */,
				8AB7E9831F278DC7005E36BB /* UIconWindowSub.swift in Sources */,
				8AE08AA01F2580D00024E9B7 /* UWindow.swift in Sources */,
				8AF5E9FB1F2ED31E008D8508 /* PresetBook.swift in Sources */,
				8AE08AB31F2580D70024E9B7 /* Random.swift in Sources */,
				8AB7E9511F25A00F005E36BB /* PageViewOptions.swift in Sources */,
				8AB7E94D1F25A00F005E36BB /* PageViewDebug.swift in Sources */,
				8AE08A951F2580D00024E9B7 /* UDrawableRect.swift in Sources */,
				8AE08A941F2580D00024E9B7 /* UDrawable.swift in Sources */,
				8AF781AD1F1F445500FC4EF2 /* TangoCardDao.swift in Sources */,
				8AF7817B1F1F3E4400FC4EF2 /* AppDelegate.swift in Sources */,
				8AF781AF1F1F445500FC4EF2 /* TangoCardHistoryDao.swift in Sources */,
				8AE08A0F1F24BA1C0024E9B7 /* TestDB5ViewController.swift in Sources */,
				8AF781A81F1F445500FC4EF2 /* TangoBook.swift in Sources */,
				8AB7E9301F259991005E36BB /* PageViewTest3.swift in Sources */,
				8AE08A851F2580D00024E9B7 /* UButton.swift in Sources */,
				8AB7E92D1F259991005E36BB /* PageViewTemplate.swift in Sources */,
			);
			runOnlyForDeploymentPostprocessing = 0;
		};
/* End PBXSourcesBuildPhase section */

/* Begin PBXVariantGroup section */
		8A2584AE1F3209C3002EE9E2 /* EditCardViewController.xib */ = {
			isa = PBXVariantGroup;
			children = (
				8A2584AD1F3209C3002EE9E2 /* Base */,
				8A2584BB1F320E15002EE9E2 /* en */,
				8A2584BC1F320E19002EE9E2 /* ja */,
			);
			name = EditCardViewController.xib;
			path = ViewController;
			sourceTree = "<group>";
		};
		8AB7E9631F25B43E005E36BB /* Localizable.strings */ = {
			isa = PBXVariantGroup;
			children = (
				8AB7E9641F25B441005E36BB /* en */,
				8AB7E9651F25B52A005E36BB /* ja */,
			);
			name = Localizable.strings;
			path = Resource;
			sourceTree = "<group>";
		};
		8AB99D7F1F34210600497E4E /* EditBookViewController.xib */ = {
			isa = PBXVariantGroup;
			children = (
				8AB99D7E1F34210600497E4E /* Base */,
				8AB99D811F34210800497E4E /* en */,
				8AB99D831F34211200497E4E /* ja */,
			);
			name = EditBookViewController.xib;
			path = ViewController;
			sourceTree = "<group>";
		};
/* End PBXVariantGroup section */

/* Begin XCBuildConfiguration section */
		8AF781871F1F3E4400FC4EF2 /* Debug */ = {
			isa = XCBuildConfiguration;
			buildSettings = {
				ALWAYS_SEARCH_USER_PATHS = NO;
				CLANG_ANALYZER_LOCALIZABILITY_NONLOCALIZED = YES;
				CLANG_ANALYZER_NONNULL = YES;
				CLANG_CXX_LANGUAGE_STANDARD = "gnu++0x";
				CLANG_CXX_LIBRARY = "libc++";
				CLANG_ENABLE_MODULES = YES;
				CLANG_ENABLE_OBJC_ARC = YES;
				CLANG_WARN_BOOL_CONVERSION = YES;
				CLANG_WARN_CONSTANT_CONVERSION = YES;
				CLANG_WARN_DIRECT_OBJC_ISA_USAGE = YES_ERROR;
				CLANG_WARN_DOCUMENTATION_COMMENTS = YES;
				CLANG_WARN_EMPTY_BODY = YES;
				CLANG_WARN_ENUM_CONVERSION = YES;
				CLANG_WARN_INFINITE_RECURSION = YES;
				CLANG_WARN_INT_CONVERSION = YES;
				CLANG_WARN_OBJC_ROOT_CLASS = YES_ERROR;
				CLANG_WARN_SUSPICIOUS_MOVE = YES;
				CLANG_WARN_UNREACHABLE_CODE = YES;
				CLANG_WARN__DUPLICATE_METHOD_MATCH = YES;
				"CODE_SIGN_IDENTITY[sdk=iphoneos*]" = "iPhone Developer";
				COPY_PHASE_STRIP = NO;
				DEBUG_INFORMATION_FORMAT = dwarf;
				ENABLE_STRICT_OBJC_MSGSEND = YES;
				ENABLE_TESTABILITY = YES;
				GCC_C_LANGUAGE_STANDARD = gnu99;
				GCC_DYNAMIC_NO_PIC = NO;
				GCC_NO_COMMON_BLOCKS = YES;
				GCC_OPTIMIZATION_LEVEL = 0;
				GCC_PREPROCESSOR_DEFINITIONS = (
					"DEBUG=1",
					"$(inherited)",
				);
				GCC_WARN_64_TO_32_BIT_CONVERSION = YES;
				GCC_WARN_ABOUT_RETURN_TYPE = YES_ERROR;
				GCC_WARN_UNDECLARED_SELECTOR = YES;
				GCC_WARN_UNINITIALIZED_AUTOS = YES_AGGRESSIVE;
				GCC_WARN_UNUSED_FUNCTION = YES;
				GCC_WARN_UNUSED_VARIABLE = YES;
				IPHONEOS_DEPLOYMENT_TARGET = 10.2;
				MTL_ENABLE_DEBUG_INFO = YES;
				ONLY_ACTIVE_ARCH = YES;
				SDKROOT = iphoneos;
				SWIFT_ACTIVE_COMPILATION_CONDITIONS = DEBUG;
				SWIFT_OPTIMIZATION_LEVEL = "-Onone";
				TARGETED_DEVICE_FAMILY = "1,2";
			};
			name = Debug;
		};
		8AF781881F1F3E4400FC4EF2 /* Release */ = {
			isa = XCBuildConfiguration;
			buildSettings = {
				ALWAYS_SEARCH_USER_PATHS = NO;
				CLANG_ANALYZER_LOCALIZABILITY_NONLOCALIZED = YES;
				CLANG_ANALYZER_NONNULL = YES;
				CLANG_CXX_LANGUAGE_STANDARD = "gnu++0x";
				CLANG_CXX_LIBRARY = "libc++";
				CLANG_ENABLE_MODULES = YES;
				CLANG_ENABLE_OBJC_ARC = YES;
				CLANG_WARN_BOOL_CONVERSION = YES;
				CLANG_WARN_CONSTANT_CONVERSION = YES;
				CLANG_WARN_DIRECT_OBJC_ISA_USAGE = YES_ERROR;
				CLANG_WARN_DOCUMENTATION_COMMENTS = YES;
				CLANG_WARN_EMPTY_BODY = YES;
				CLANG_WARN_ENUM_CONVERSION = YES;
				CLANG_WARN_INFINITE_RECURSION = YES;
				CLANG_WARN_INT_CONVERSION = YES;
				CLANG_WARN_OBJC_ROOT_CLASS = YES_ERROR;
				CLANG_WARN_SUSPICIOUS_MOVE = YES;
				CLANG_WARN_UNREACHABLE_CODE = YES;
				CLANG_WARN__DUPLICATE_METHOD_MATCH = YES;
				"CODE_SIGN_IDENTITY[sdk=iphoneos*]" = "iPhone Developer";
				COPY_PHASE_STRIP = NO;
				DEBUG_INFORMATION_FORMAT = "dwarf-with-dsym";
				ENABLE_NS_ASSERTIONS = NO;
				ENABLE_STRICT_OBJC_MSGSEND = YES;
				GCC_C_LANGUAGE_STANDARD = gnu99;
				GCC_NO_COMMON_BLOCKS = YES;
				GCC_WARN_64_TO_32_BIT_CONVERSION = YES;
				GCC_WARN_ABOUT_RETURN_TYPE = YES_ERROR;
				GCC_WARN_UNDECLARED_SELECTOR = YES;
				GCC_WARN_UNINITIALIZED_AUTOS = YES_AGGRESSIVE;
				GCC_WARN_UNUSED_FUNCTION = YES;
				GCC_WARN_UNUSED_VARIABLE = YES;
				IPHONEOS_DEPLOYMENT_TARGET = 10.2;
				MTL_ENABLE_DEBUG_INFO = NO;
				SDKROOT = iphoneos;
				SWIFT_OPTIMIZATION_LEVEL = "-Owholemodule";
				TARGETED_DEVICE_FAMILY = "1,2";
				VALIDATE_PRODUCT = YES;
			};
			name = Release;
		};
		8AF7818A1F1F3E4400FC4EF2 /* Debug */ = {
			isa = XCBuildConfiguration;
			baseConfigurationReference = CA212E7C4C2081D94D0D67CB /* Pods-TangoBook.debug.xcconfig */;
			buildSettings = {
				ALWAYS_EMBED_SWIFT_STANDARD_LIBRARIES = YES;
				ASSETCATALOG_COMPILER_APPICON_NAME = AppIcon;
				INFOPLIST_FILE = TangoBook/Info.plist;
				LD_RUNPATH_SEARCH_PATHS = "$(inherited) @executable_path/Frameworks";
				PRODUCT_BUNDLE_IDENTIFIER = sunsunsoft.TangoBook;
				PRODUCT_NAME = "$(TARGET_NAME)";
				SWIFT_VERSION = 3.0;
			};
			name = Debug;
		};
		8AF7818B1F1F3E4400FC4EF2 /* Release */ = {
			isa = XCBuildConfiguration;
			baseConfigurationReference = B93DB6A934CFEA16085A6BCC /* Pods-TangoBook.release.xcconfig */;
			buildSettings = {
				ALWAYS_EMBED_SWIFT_STANDARD_LIBRARIES = YES;
				ASSETCATALOG_COMPILER_APPICON_NAME = AppIcon;
				INFOPLIST_FILE = TangoBook/Info.plist;
				LD_RUNPATH_SEARCH_PATHS = "$(inherited) @executable_path/Frameworks";
				PRODUCT_BUNDLE_IDENTIFIER = sunsunsoft.TangoBook;
				PRODUCT_NAME = "$(TARGET_NAME)";
				SWIFT_VERSION = 3.0;
			};
			name = Release;
		};
/* End XCBuildConfiguration section */

/* Begin XCConfigurationList section */
		8AF781721F1F3E4400FC4EF2 /* Build configuration list for PBXProject "TangoBook" */ = {
			isa = XCConfigurationList;
			buildConfigurations = (
				8AF781871F1F3E4400FC4EF2 /* Debug */,
				8AF781881F1F3E4400FC4EF2 /* Release */,
			);
			defaultConfigurationIsVisible = 0;
			defaultConfigurationName = Release;
		};
		8AF781891F1F3E4400FC4EF2 /* Build configuration list for PBXNativeTarget "TangoBook" */ = {
			isa = XCConfigurationList;
			buildConfigurations = (
				8AF7818A1F1F3E4400FC4EF2 /* Debug */,
				8AF7818B1F1F3E4400FC4EF2 /* Release */,
			);
			defaultConfigurationIsVisible = 0;
			defaultConfigurationName = Release;
		};
/* End XCConfigurationList section */
	};
	rootObject = 8AF7816F1F1F3E4400FC4EF2 /* Project object */;
}
